{
  "pins" : [
    {
      "identity" : "inappsettingskit",
      "kind" : "remoteSourceControl",
      "location" : "https://github.com/futuretap/InAppSettingsKit",
      "state" : {
        "branch" : "master",
        "revision" : "6fb230172c69427aeaf92aef1a8f5188cbd2583d"
      }
    },
    {
      "identity" : "paypalcheckout-ios",
      "kind" : "remoteSourceControl",
      "location" : "https://github.com/paypal/paypalcheckout-ios",
      "state" : {
        "revision" : "7c6750e1316c6a3d656e90497271de68c63219f1",
        "version" : "1.1.0"
      }
    }
  ],
  "version" : 2
}
