// !$*UTF8*$!
{
	archiveVersion = 1;
	classes = {
	};
	objectVersion = 55;
	objects = {

/* Begin PBXBuildFile section */
		5301468A2891867800184F22 /* NativeCheckoutResult.swift in Sources */ = {isa = PBXBuildFile; fileRef = 530146892891867800184F22 /* NativeCheckoutResult.swift */; };
		5301468C28918B4D00184F22 /* ApprovalResult.swift in Sources */ = {isa = PBXBuildFile; fileRef = 5301468B28918B4D00184F22 /* ApprovalResult.swift */; };
		536A5CA32898A48C005C053D /* PayPalNativeCheckout.framework in Frameworks */ = {isa = PBXBuildFile; fileRef = 536A5CA22898A48C005C053D /* PayPalNativeCheckout.framework */; };
		536A5CA42898A48C005C053D /* PayPalNativeCheckout.framework in Embed Frameworks */ = {isa = PBXBuildFile; fileRef = 536A5CA22898A48C005C053D /* PayPalNativeCheckout.framework */; settings = {ATTRIBUTES = (CodeSignOnCopy, RemoveHeadersOnCopy, ); }; };
		536A5CA62898A730005C053D /* NativeCheckoutDemoViewController.swift in Sources */ = {isa = PBXBuildFile; fileRef = 536A5CA52898A730005C053D /* NativeCheckoutDemoViewController.swift */; };
		536A5CA82898AA2A005C053D /* SwiftUINativeCheckoutDemo.swift in Sources */ = {isa = PBXBuildFile; fileRef = 536A5CA72898AA2A005C053D /* SwiftUINativeCheckoutDemo.swift */; };
		53DBDAA52885D83100E0ABA1 /* AccessTokenResponse.swift in Sources */ = {isa = PBXBuildFile; fileRef = 53DBDAA42885D83100E0ABA1 /* AccessTokenResponse.swift */; };
		53DBDAA72885D86F00E0ABA1 /* AccessTokenRequest.swift in Sources */ = {isa = PBXBuildFile; fileRef = 53DBDAA62885D86F00E0ABA1 /* AccessTokenRequest.swift */; };
		80561B3826FB5F0F0023138C /* CardDemoViewController.swift in Sources */ = {isa = PBXBuildFile; fileRef = 80561B3726FB5F0F0023138C /* CardDemoViewController.swift */; };
		80561B3A26FB5F1C0023138C /* PayPalWebCheckoutViewController.swift in Sources */ = {isa = PBXBuildFile; fileRef = 80561B3926FB5F1C0023138C /* PayPalWebCheckoutViewController.swift */; };
		80561B3E26FB72D80023138C /* FeatureBaseViewController.swift in Sources */ = {isa = PBXBuildFile; fileRef = 80561B3D26FB72D80023138C /* FeatureBaseViewController.swift */; };
		805AB85026B87A87003BEE0D /* Card.framework in Frameworks */ = {isa = PBXBuildFile; fileRef = 805AB84D26B87A87003BEE0D /* Card.framework */; };
		805AB85126B87A87003BEE0D /* Card.framework in Embed Frameworks */ = {isa = PBXBuildFile; fileRef = 805AB84D26B87A87003BEE0D /* Card.framework */; settings = {ATTRIBUTES = (CodeSignOnCopy, RemoveHeadersOnCopy, ); }; };
		806F1E3926B85367007A60E6 /* AppDelegate.swift in Sources */ = {isa = PBXBuildFile; fileRef = 806F1E3826B85367007A60E6 /* AppDelegate.swift */; };
		806F1E3B26B85367007A60E6 /* SceneDelegate.swift in Sources */ = {isa = PBXBuildFile; fileRef = 806F1E3A26B85367007A60E6 /* SceneDelegate.swift */; };
		806F1E3D26B85367007A60E6 /* ViewController.swift in Sources */ = {isa = PBXBuildFile; fileRef = 806F1E3C26B85367007A60E6 /* ViewController.swift */; };
		806F1E4226B85369007A60E6 /* Assets.xcassets in Resources */ = {isa = PBXBuildFile; fileRef = 806F1E4126B85369007A60E6 /* Assets.xcassets */; };
		80921C1D2710A0720040D76F /* LaunchScreen.storyboard in Resources */ = {isa = PBXBuildFile; fileRef = 80921C1C2710A0720040D76F /* LaunchScreen.storyboard */; };
		80F33CE826F8DE29006811B1 /* DemoMerchantAPI.swift in Sources */ = {isa = PBXBuildFile; fileRef = 80F33CE726F8DE29006811B1 /* DemoMerchantAPI.swift */; };
		80F33CED26F8E7A9006811B1 /* Order.swift in Sources */ = {isa = PBXBuildFile; fileRef = 80F33CEC26F8E7A9006811B1 /* Order.swift */; };
		80F33CEF26F8E7CC006811B1 /* CreateOrderParams.swift in Sources */ = {isa = PBXBuildFile; fileRef = 80F33CEE26F8E7CC006811B1 /* CreateOrderParams.swift */; };
		80F33CF126F8E7D9006811B1 /* ProcessOrderParams.swift in Sources */ = {isa = PBXBuildFile; fileRef = 80F33CF026F8E7D9006811B1 /* ProcessOrderParams.swift */; };
		80F33CF326F8EA50006811B1 /* DemoSettings.swift in Sources */ = {isa = PBXBuildFile; fileRef = 80F33CF226F8EA50006811B1 /* DemoSettings.swift */; };
		BC9D4D1827C54F3F0089E5B1 /* CardUITests.swift in Sources */ = {isa = PBXBuildFile; fileRef = BC9D4D1727C54F3F0089E5B1 /* CardUITests.swift */; };
		BC9D4D2227C554090089E5B1 /* LaunchApp.swift in Sources */ = {isa = PBXBuildFile; fileRef = BC9D4D2127C554090089E5B1 /* LaunchApp.swift */; };
		BC9D4D2427C58B8D0089E5B1 /* XCUIApplication+Helpers.swift in Sources */ = {isa = PBXBuildFile; fileRef = BC9D4D2327C58B8D0089E5B1 /* XCUIApplication+Helpers.swift */; };
		BC9D4D2627C6D1720089E5B1 /* XCUIElement+Helpers.swift in Sources */ = {isa = PBXBuildFile; fileRef = BC9D4D2527C6D1720089E5B1 /* XCUIElement+Helpers.swift */; };
		BCE8A7EE27EA2B1E00AC301B /* PayPalWebCheckout.framework in Frameworks */ = {isa = PBXBuildFile; fileRef = BCE8A7ED27EA2B1E00AC301B /* PayPalWebCheckout.framework */; };
		BCE8A7EF27EA2B1E00AC301B /* PayPalWebCheckout.framework in Embed Frameworks */ = {isa = PBXBuildFile; fileRef = BCE8A7ED27EA2B1E00AC301B /* PayPalWebCheckout.framework */; settings = {ATTRIBUTES = (CodeSignOnCopy, RemoveHeadersOnCopy, ); }; };
		BE1766B326F911A2007EF438 /* URLResponseError.swift in Sources */ = {isa = PBXBuildFile; fileRef = BE1766B226F911A2007EF438 /* URLResponseError.swift */; };
		BE1766D726FA7AC3007EF438 /* InAppSettingsKit in Frameworks */ = {isa = PBXBuildFile; productRef = BE1766D626FA7AC3007EF438 /* InAppSettingsKit */; };
		BE1766D926FA7BC8007EF438 /* Settings.bundle in Resources */ = {isa = PBXBuildFile; fileRef = BE1766D826FA7BC8007EF438 /* Settings.bundle */; };
		BE31187C273F00B60021C5A2 /* DemoUIFramework.swift in Sources */ = {isa = PBXBuildFile; fileRef = BE31187B273F00B60021C5A2 /* DemoUIFramework.swift */; };
		BE31187E273F02A80021C5A2 /* SwiftUICardDemo.swift in Sources */ = {isa = PBXBuildFile; fileRef = BE31187D273F02A80021C5A2 /* SwiftUICardDemo.swift */; };
		BE420F3728189A7A00D8D66A /* PayPalUI.framework in Frameworks */ = {isa = PBXBuildFile; fileRef = BE420F3628189A7A00D8D66A /* PayPalUI.framework */; };
		BE420F3828189A7A00D8D66A /* PayPalUI.framework in Embed Frameworks */ = {isa = PBXBuildFile; fileRef = BE420F3628189A7A00D8D66A /* PayPalUI.framework */; settings = {ATTRIBUTES = (CodeSignOnCopy, RemoveHeadersOnCopy, ); }; };
		BE9F36D82745490400AFC7DA /* FloatingLabelTextField.swift in Sources */ = {isa = PBXBuildFile; fileRef = BE9F36D72745490400AFC7DA /* FloatingLabelTextField.swift */; };
		BE9F36DC274578D100AFC7DA /* FeatureBaseViewControllerRepresentable.swift in Sources */ = {isa = PBXBuildFile; fileRef = BE9F36DB274578D100AFC7DA /* FeatureBaseViewControllerRepresentable.swift */; };
		BE9F36E7275548A600AFC7DA /* BaseViewModel.swift in Sources */ = {isa = PBXBuildFile; fileRef = BE9F36E6275548A600AFC7DA /* BaseViewModel.swift */; };
		BECD84A027036DC2007CCAE4 /* Environment.swift in Sources */ = {isa = PBXBuildFile; fileRef = BECD849F27036DC2007CCAE4 /* Environment.swift */; };
		BECD84A227036DDB007CCAE4 /* Intent.swift in Sources */ = {isa = PBXBuildFile; fileRef = BECD84A127036DDB007CCAE4 /* Intent.swift */; };
		BECD84A427036E02007CCAE4 /* DemoType.swift in Sources */ = {isa = PBXBuildFile; fileRef = BECD84A327036E02007CCAE4 /* DemoType.swift */; };
		BED041AF270CA0FB00C80954 /* CustomButton.swift in Sources */ = {isa = PBXBuildFile; fileRef = BED041AE270CA0FB00C80954 /* CustomButton.swift */; };
		BED041B1270CB33900C80954 /* CustomTextField.swift in Sources */ = {isa = PBXBuildFile; fileRef = BED041B0270CB33900C80954 /* CustomTextField.swift */; };
		BED042312710833F00C80954 /* CardType.swift in Sources */ = {isa = PBXBuildFile; fileRef = BED042302710833F00C80954 /* CardType.swift */; };
		BED04233271084DF00C80954 /* CardFormatter.swift in Sources */ = {isa = PBXBuildFile; fileRef = BED04232271084DF00C80954 /* CardFormatter.swift */; };
		BEDE304A275EA33500D275FD /* UIViewController+Extension.swift in Sources */ = {isa = PBXBuildFile; fileRef = BEDE3049275EA33500D275FD /* UIViewController+Extension.swift */; };
		BEDE304C275FA4A100D275FD /* SwiftUIPayPalDemo.swift in Sources */ = {isa = PBXBuildFile; fileRef = BEDE304B275FA4A100D275FD /* SwiftUIPayPalDemo.swift */; };
		CB9ED44A283E59090081F4DE /* PaymentButtonCustomizationViewController.swift in Sources */ = {isa = PBXBuildFile; fileRef = CB9ED449283E59090081F4DE /* PaymentButtonCustomizationViewController.swift */; };
		CB9ED44C283FDA900081F4DE /* PaymentButtonEnums+Extension.swift in Sources */ = {isa = PBXBuildFile; fileRef = CB9ED44B283FDA900081F4DE /* PaymentButtonEnums+Extension.swift */; };
		CB9ED44E28411B120081F4DE /* SwiftUIPaymentButtonDemo.swift in Sources */ = {isa = PBXBuildFile; fileRef = CB9ED44D28411B110081F4DE /* SwiftUIPaymentButtonDemo.swift */; };
/* End PBXBuildFile section */

/* Begin PBXContainerItemProxy section */
		BC9D4D1B27C54F3F0089E5B1 /* PBXContainerItemProxy */ = {
			isa = PBXContainerItemProxy;
			containerPortal = 806F1E2D26B85367007A60E6 /* Project object */;
			proxyType = 1;
			remoteGlobalIDString = 806F1E3426B85367007A60E6;
			remoteInfo = Demo;
		};
/* End PBXContainerItemProxy section */

/* Begin PBXCopyFilesBuildPhase section */
		805AB85626B87A87003BEE0D /* Embed Frameworks */ = {
			isa = PBXCopyFilesBuildPhase;
			buildActionMask = 2147483647;
			dstPath = "";
			dstSubfolderSpec = 10;
			files = (
				BCE8A7EF27EA2B1E00AC301B /* PayPalWebCheckout.framework in Embed Frameworks */,
				BE420F3828189A7A00D8D66A /* PayPalUI.framework in Embed Frameworks */,
				536A5CA42898A48C005C053D /* PayPalNativeCheckout.framework in Embed Frameworks */,
				805AB85126B87A87003BEE0D /* Card.framework in Embed Frameworks */,
			);
			name = "Embed Frameworks";
			runOnlyForDeploymentPostprocessing = 0;
		};
/* End PBXCopyFilesBuildPhase section */

/* Begin PBXFileReference section */
		530146892891867800184F22 /* NativeCheckoutResult.swift */ = {isa = PBXFileReference; lastKnownFileType = sourcecode.swift; path = NativeCheckoutResult.swift; sourceTree = "<group>"; };
		5301468B28918B4D00184F22 /* ApprovalResult.swift */ = {isa = PBXFileReference; lastKnownFileType = sourcecode.swift; path = ApprovalResult.swift; sourceTree = "<group>"; };
		536A5CA22898A48C005C053D /* PayPalNativeCheckout.framework */ = {isa = PBXFileReference; explicitFileType = wrapper.framework; path = PayPalNativeCheckout.framework; sourceTree = BUILT_PRODUCTS_DIR; };
		536A5CA52898A730005C053D /* NativeCheckoutDemoViewController.swift */ = {isa = PBXFileReference; lastKnownFileType = sourcecode.swift; path = NativeCheckoutDemoViewController.swift; sourceTree = "<group>"; };
		536A5CA72898AA2A005C053D /* SwiftUINativeCheckoutDemo.swift */ = {isa = PBXFileReference; lastKnownFileType = sourcecode.swift; path = SwiftUINativeCheckoutDemo.swift; sourceTree = "<group>"; };
		53DBDAA42885D83100E0ABA1 /* AccessTokenResponse.swift */ = {isa = PBXFileReference; lastKnownFileType = sourcecode.swift; path = AccessTokenResponse.swift; sourceTree = "<group>"; };
		53DBDAA62885D86F00E0ABA1 /* AccessTokenRequest.swift */ = {isa = PBXFileReference; lastKnownFileType = sourcecode.swift; path = AccessTokenRequest.swift; sourceTree = "<group>"; };
		80561B3726FB5F0F0023138C /* CardDemoViewController.swift */ = {isa = PBXFileReference; lastKnownFileType = sourcecode.swift; path = CardDemoViewController.swift; sourceTree = "<group>"; };
		80561B3926FB5F1C0023138C /* PayPalWebCheckoutViewController.swift */ = {isa = PBXFileReference; lastKnownFileType = sourcecode.swift; path = PayPalWebCheckoutViewController.swift; sourceTree = "<group>"; };
		80561B3D26FB72D80023138C /* FeatureBaseViewController.swift */ = {isa = PBXFileReference; lastKnownFileType = sourcecode.swift; path = FeatureBaseViewController.swift; sourceTree = "<group>"; };
		805AB84D26B87A87003BEE0D /* Card.framework */ = {isa = PBXFileReference; explicitFileType = wrapper.framework; path = Card.framework; sourceTree = BUILT_PRODUCTS_DIR; };
		805AB84E26B87A87003BEE0D /* PaymentsCore.framework */ = {isa = PBXFileReference; explicitFileType = wrapper.framework; path = PaymentsCore.framework; sourceTree = BUILT_PRODUCTS_DIR; };
		805AB84F26B87A87003BEE0D /* PayPal.framework */ = {isa = PBXFileReference; lastKnownFileType = wrapper.framework; path = PayPal.framework; sourceTree = BUILT_PRODUCTS_DIR; };
		806F1E3526B85367007A60E6 /* Demo.app */ = {isa = PBXFileReference; explicitFileType = wrapper.application; includeInIndex = 0; path = Demo.app; sourceTree = BUILT_PRODUCTS_DIR; };
		806F1E3826B85367007A60E6 /* AppDelegate.swift */ = {isa = PBXFileReference; lastKnownFileType = sourcecode.swift; path = AppDelegate.swift; sourceTree = "<group>"; };
		806F1E3A26B85367007A60E6 /* SceneDelegate.swift */ = {isa = PBXFileReference; lastKnownFileType = sourcecode.swift; path = SceneDelegate.swift; sourceTree = "<group>"; };
		806F1E3C26B85367007A60E6 /* ViewController.swift */ = {isa = PBXFileReference; lastKnownFileType = sourcecode.swift; path = ViewController.swift; sourceTree = "<group>"; };
		806F1E4126B85369007A60E6 /* Assets.xcassets */ = {isa = PBXFileReference; lastKnownFileType = folder.assetcatalog; path = Assets.xcassets; sourceTree = "<group>"; };
		806F1E4626B85369007A60E6 /* Info.plist */ = {isa = PBXFileReference; lastKnownFileType = text.plist.xml; path = Info.plist; sourceTree = "<group>"; };
		80921C1C2710A0720040D76F /* LaunchScreen.storyboard */ = {isa = PBXFileReference; lastKnownFileType = file.storyboard; path = LaunchScreen.storyboard; sourceTree = "<group>"; };
		80DB6F1C26B89DDA00277E54 /* PayPal.framework */ = {isa = PBXFileReference; explicitFileType = wrapper.framework; path = PayPal.framework; sourceTree = BUILT_PRODUCTS_DIR; };
		80F33CE726F8DE29006811B1 /* DemoMerchantAPI.swift */ = {isa = PBXFileReference; lastKnownFileType = sourcecode.swift; path = DemoMerchantAPI.swift; sourceTree = "<group>"; };
		80F33CEC26F8E7A9006811B1 /* Order.swift */ = {isa = PBXFileReference; lastKnownFileType = sourcecode.swift; path = Order.swift; sourceTree = "<group>"; };
		80F33CEE26F8E7CC006811B1 /* CreateOrderParams.swift */ = {isa = PBXFileReference; lastKnownFileType = sourcecode.swift; path = CreateOrderParams.swift; sourceTree = "<group>"; };
		80F33CF026F8E7D9006811B1 /* ProcessOrderParams.swift */ = {isa = PBXFileReference; lastKnownFileType = sourcecode.swift; path = ProcessOrderParams.swift; sourceTree = "<group>"; };
		80F33CF226F8EA50006811B1 /* DemoSettings.swift */ = {isa = PBXFileReference; lastKnownFileType = sourcecode.swift; path = DemoSettings.swift; sourceTree = "<group>"; };
		BC9D4D1527C54F3F0089E5B1 /* DemoUITests.xctest */ = {isa = PBXFileReference; explicitFileType = wrapper.cfbundle; includeInIndex = 0; path = DemoUITests.xctest; sourceTree = BUILT_PRODUCTS_DIR; };
		BC9D4D1727C54F3F0089E5B1 /* CardUITests.swift */ = {isa = PBXFileReference; lastKnownFileType = sourcecode.swift; path = CardUITests.swift; sourceTree = "<group>"; };
		BC9D4D2127C554090089E5B1 /* LaunchApp.swift */ = {isa = PBXFileReference; lastKnownFileType = sourcecode.swift; path = LaunchApp.swift; sourceTree = "<group>"; };
		BC9D4D2327C58B8D0089E5B1 /* XCUIApplication+Helpers.swift */ = {isa = PBXFileReference; lastKnownFileType = sourcecode.swift; path = "XCUIApplication+Helpers.swift"; sourceTree = "<group>"; };
		BC9D4D2527C6D1720089E5B1 /* XCUIElement+Helpers.swift */ = {isa = PBXFileReference; lastKnownFileType = sourcecode.swift; path = "XCUIElement+Helpers.swift"; sourceTree = "<group>"; };
		BCE8A7ED27EA2B1E00AC301B /* PayPalWebCheckout.framework */ = {isa = PBXFileReference; explicitFileType = wrapper.framework; path = PayPalWebCheckout.framework; sourceTree = BUILT_PRODUCTS_DIR; };
		BE1766B226F911A2007EF438 /* URLResponseError.swift */ = {isa = PBXFileReference; lastKnownFileType = sourcecode.swift; path = URLResponseError.swift; sourceTree = "<group>"; };
		BE1766D826FA7BC8007EF438 /* Settings.bundle */ = {isa = PBXFileReference; lastKnownFileType = "wrapper.plug-in"; path = Settings.bundle; sourceTree = "<group>"; };
		BE31187B273F00B60021C5A2 /* DemoUIFramework.swift */ = {isa = PBXFileReference; lastKnownFileType = sourcecode.swift; path = DemoUIFramework.swift; sourceTree = "<group>"; };
		BE31187D273F02A80021C5A2 /* SwiftUICardDemo.swift */ = {isa = PBXFileReference; lastKnownFileType = sourcecode.swift; path = SwiftUICardDemo.swift; sourceTree = "<group>"; };
		BE420F3628189A7A00D8D66A /* PayPalUI.framework */ = {isa = PBXFileReference; explicitFileType = wrapper.framework; path = PayPalUI.framework; sourceTree = BUILT_PRODUCTS_DIR; };
		BE9F36D72745490400AFC7DA /* FloatingLabelTextField.swift */ = {isa = PBXFileReference; lastKnownFileType = sourcecode.swift; path = FloatingLabelTextField.swift; sourceTree = "<group>"; };
		BE9F36DB274578D100AFC7DA /* FeatureBaseViewControllerRepresentable.swift */ = {isa = PBXFileReference; lastKnownFileType = sourcecode.swift; path = FeatureBaseViewControllerRepresentable.swift; sourceTree = "<group>"; };
		BE9F36E6275548A600AFC7DA /* BaseViewModel.swift */ = {isa = PBXFileReference; lastKnownFileType = sourcecode.swift; path = BaseViewModel.swift; sourceTree = "<group>"; };
		BECD849F27036DC2007CCAE4 /* Environment.swift */ = {isa = PBXFileReference; lastKnownFileType = sourcecode.swift; path = Environment.swift; sourceTree = "<group>"; };
		BECD84A127036DDB007CCAE4 /* Intent.swift */ = {isa = PBXFileReference; lastKnownFileType = sourcecode.swift; path = Intent.swift; sourceTree = "<group>"; };
		BECD84A327036E02007CCAE4 /* DemoType.swift */ = {isa = PBXFileReference; lastKnownFileType = sourcecode.swift; path = DemoType.swift; sourceTree = "<group>"; };
		BED041AE270CA0FB00C80954 /* CustomButton.swift */ = {isa = PBXFileReference; lastKnownFileType = sourcecode.swift; path = CustomButton.swift; sourceTree = "<group>"; };
		BED041B0270CB33900C80954 /* CustomTextField.swift */ = {isa = PBXFileReference; lastKnownFileType = sourcecode.swift; path = CustomTextField.swift; sourceTree = "<group>"; };
		BED042302710833F00C80954 /* CardType.swift */ = {isa = PBXFileReference; lastKnownFileType = sourcecode.swift; path = CardType.swift; sourceTree = "<group>"; };
		BED04232271084DF00C80954 /* CardFormatter.swift */ = {isa = PBXFileReference; lastKnownFileType = sourcecode.swift; path = CardFormatter.swift; sourceTree = "<group>"; };
		BEDE3049275EA33500D275FD /* UIViewController+Extension.swift */ = {isa = PBXFileReference; lastKnownFileType = sourcecode.swift; path = "UIViewController+Extension.swift"; sourceTree = "<group>"; };
		BEDE304B275FA4A100D275FD /* SwiftUIPayPalDemo.swift */ = {isa = PBXFileReference; lastKnownFileType = sourcecode.swift; path = SwiftUIPayPalDemo.swift; sourceTree = "<group>"; };
		CB9ED449283E59090081F4DE /* PaymentButtonCustomizationViewController.swift */ = {isa = PBXFileReference; lastKnownFileType = sourcecode.swift; path = PaymentButtonCustomizationViewController.swift; sourceTree = "<group>"; };
		CB9ED44B283FDA900081F4DE /* PaymentButtonEnums+Extension.swift */ = {isa = PBXFileReference; lastKnownFileType = sourcecode.swift; path = "PaymentButtonEnums+Extension.swift"; sourceTree = "<group>"; };
		CB9ED44D28411B110081F4DE /* SwiftUIPaymentButtonDemo.swift */ = {isa = PBXFileReference; lastKnownFileType = sourcecode.swift; path = SwiftUIPaymentButtonDemo.swift; sourceTree = "<group>"; };
/* End PBXFileReference section */

/* Begin PBXFrameworksBuildPhase section */
		806F1E3226B85367007A60E6 /* Frameworks */ = {
			isa = PBXFrameworksBuildPhase;
			buildActionMask = 2147483647;
			files = (
				805AB85026B87A87003BEE0D /* Card.framework in Frameworks */,
				536A5CA32898A48C005C053D /* PayPalNativeCheckout.framework in Frameworks */,
				BE1766D726FA7AC3007EF438 /* InAppSettingsKit in Frameworks */,
				BCE8A7EE27EA2B1E00AC301B /* PayPalWebCheckout.framework in Frameworks */,
				BE420F3728189A7A00D8D66A /* PayPalUI.framework in Frameworks */,
			);
			runOnlyForDeploymentPostprocessing = 0;
		};
		BC9D4D1227C54F3F0089E5B1 /* Frameworks */ = {
			isa = PBXFrameworksBuildPhase;
			buildActionMask = 2147483647;
			files = (
			);
			runOnlyForDeploymentPostprocessing = 0;
		};
/* End PBXFrameworksBuildPhase section */

/* Begin PBXGroup section */
		80561B3C26FB5F300023138C /* FeatureViewControllers */ = {
			isa = PBXGroup;
			children = (
				80561B3726FB5F0F0023138C /* CardDemoViewController.swift */,
				80561B3D26FB72D80023138C /* FeatureBaseViewController.swift */,
				80561B3926FB5F1C0023138C /* PayPalWebCheckoutViewController.swift */,
				CB9ED449283E59090081F4DE /* PaymentButtonCustomizationViewController.swift */,
				536A5CA52898A730005C053D /* NativeCheckoutDemoViewController.swift */,
			);
			path = FeatureViewControllers;
			sourceTree = "<group>";
		};
		805AB84C26B87A87003BEE0D /* Frameworks */ = {
			isa = PBXGroup;
			children = (
				536A5CA22898A48C005C053D /* PayPalNativeCheckout.framework */,
				BE420F3628189A7A00D8D66A /* PayPalUI.framework */,
				BCE8A7ED27EA2B1E00AC301B /* PayPalWebCheckout.framework */,
				80DB6F1C26B89DDA00277E54 /* PayPal.framework */,
				805AB84D26B87A87003BEE0D /* Card.framework */,
				805AB84E26B87A87003BEE0D /* PaymentsCore.framework */,
				805AB84F26B87A87003BEE0D /* PayPal.framework */,
			);
			name = Frameworks;
			sourceTree = "<group>";
		};
		806F1E2C26B85367007A60E6 = {
			isa = PBXGroup;
			children = (
				806F1E3726B85367007A60E6 /* Demo */,
				BC9D4D1627C54F3F0089E5B1 /* DemoUITests */,
				805AB84C26B87A87003BEE0D /* Frameworks */,
				806F1E3626B85367007A60E6 /* Products */,
				BE1766D826FA7BC8007EF438 /* Settings.bundle */,
			);
			sourceTree = "<group>";
		};
		806F1E3626B85367007A60E6 /* Products */ = {
			isa = PBXGroup;
			children = (
				806F1E3526B85367007A60E6 /* Demo.app */,
				BC9D4D1527C54F3F0089E5B1 /* DemoUITests.xctest */,
			);
			name = Products;
			sourceTree = "<group>";
		};
		806F1E3726B85367007A60E6 /* Demo */ = {
			isa = PBXGroup;
			children = (
				806F1E3826B85367007A60E6 /* AppDelegate.swift */,
				806F1E4126B85369007A60E6 /* Assets.xcassets */,
				BED0422F2710833100C80954 /* Card */,
				BECD849E27036D95007CCAE4 /* DemoSettings */,
				BEDE3048275EA31800D275FD /* Extensions */,
				80561B3C26FB5F300023138C /* FeatureViewControllers */,
				806F1E4626B85369007A60E6 /* Info.plist */,
				80921C1C2710A0720040D76F /* LaunchScreen.storyboard */,
				80F33CEB26F8E799006811B1 /* Models */,
				BE1766B526FA562B007EF438 /* Networking */,
				806F1E3A26B85367007A60E6 /* SceneDelegate.swift */,
				BEDE3047275E998700D275FD /* SwiftUIComponents */,
				806F1E3C26B85367007A60E6 /* ViewController.swift */,
				BE4876A827567D4200802EAF /* ViewModels */,
				BEE0EB6326FD10D90021AD42 /* Views */,
			);
			path = Demo;
			sourceTree = "<group>";
		};
		80F33CEB26F8E799006811B1 /* Models */ = {
			isa = PBXGroup;
			children = (
				80F33CEC26F8E7A9006811B1 /* Order.swift */,
				80F33CEE26F8E7CC006811B1 /* CreateOrderParams.swift */,
				80F33CF026F8E7D9006811B1 /* ProcessOrderParams.swift */,
				53DBDAA42885D83100E0ABA1 /* AccessTokenResponse.swift */,
				53DBDAA62885D86F00E0ABA1 /* AccessTokenRequest.swift */,
				530146892891867800184F22 /* NativeCheckoutResult.swift */,
				5301468B28918B4D00184F22 /* ApprovalResult.swift */,
			);
			path = Models;
			sourceTree = "<group>";
		};
		BC9D4D1627C54F3F0089E5B1 /* DemoUITests */ = {
			isa = PBXGroup;
			children = (
				BC9D4D1727C54F3F0089E5B1 /* CardUITests.swift */,
				BC9D4D2027C553F30089E5B1 /* Helpers */,
			);
			path = DemoUITests;
			sourceTree = "<group>";
		};
		BC9D4D2027C553F30089E5B1 /* Helpers */ = {
			isa = PBXGroup;
			children = (
				BC9D4D2127C554090089E5B1 /* LaunchApp.swift */,
				BC9D4D2327C58B8D0089E5B1 /* XCUIApplication+Helpers.swift */,
				BC9D4D2527C6D1720089E5B1 /* XCUIElement+Helpers.swift */,
			);
			path = Helpers;
			sourceTree = "<group>";
		};
		BE1766B526FA562B007EF438 /* Networking */ = {
			isa = PBXGroup;
			children = (
				80F33CE726F8DE29006811B1 /* DemoMerchantAPI.swift */,
				BE1766B226F911A2007EF438 /* URLResponseError.swift */,
			);
			path = Networking;
			sourceTree = "<group>";
		};
		BE4876A827567D4200802EAF /* ViewModels */ = {
			isa = PBXGroup;
			children = (
				BE9F36E6275548A600AFC7DA /* BaseViewModel.swift */,
			);
			path = ViewModels;
			sourceTree = "<group>";
		};
		BECD849E27036D95007CCAE4 /* DemoSettings */ = {
			isa = PBXGroup;
			children = (
				80F33CF226F8EA50006811B1 /* DemoSettings.swift */,
				BECD84A327036E02007CCAE4 /* DemoType.swift */,
				BECD849F27036DC2007CCAE4 /* Environment.swift */,
				BECD84A127036DDB007CCAE4 /* Intent.swift */,
				BE31187B273F00B60021C5A2 /* DemoUIFramework.swift */,
			);
			path = DemoSettings;
			sourceTree = "<group>";
		};
		BED0422F2710833100C80954 /* Card */ = {
			isa = PBXGroup;
			children = (
				BED042302710833F00C80954 /* CardType.swift */,
				BED04232271084DF00C80954 /* CardFormatter.swift */,
			);
			path = Card;
			sourceTree = "<group>";
		};
		BEDE3047275E998700D275FD /* SwiftUIComponents */ = {
			isa = PBXGroup;
			children = (
				BE9F36DB274578D100AFC7DA /* FeatureBaseViewControllerRepresentable.swift */,
				BE9F36D72745490400AFC7DA /* FloatingLabelTextField.swift */,
				BE31187D273F02A80021C5A2 /* SwiftUICardDemo.swift */,
				BEDE304B275FA4A100D275FD /* SwiftUIPayPalDemo.swift */,
				CB9ED44D28411B110081F4DE /* SwiftUIPaymentButtonDemo.swift */,
				536A5CA72898AA2A005C053D /* SwiftUINativeCheckoutDemo.swift */,
			);
			path = SwiftUIComponents;
			sourceTree = "<group>";
		};
		BEDE3048275EA31800D275FD /* Extensions */ = {
			isa = PBXGroup;
			children = (
				BEDE3049275EA33500D275FD /* UIViewController+Extension.swift */,
				CB9ED44B283FDA900081F4DE /* PaymentButtonEnums+Extension.swift */,
			);
			path = Extensions;
			sourceTree = "<group>";
		};
		BEE0EB6326FD10D90021AD42 /* Views */ = {
			isa = PBXGroup;
			children = (
				BED041AE270CA0FB00C80954 /* CustomButton.swift */,
				BED041B0270CB33900C80954 /* CustomTextField.swift */,
			);
			path = Views;
			sourceTree = "<group>";
		};
/* End PBXGroup section */

/* Begin PBXNativeTarget section */
		806F1E3426B85367007A60E6 /* Demo */ = {
			isa = PBXNativeTarget;
			buildConfigurationList = 806F1E4926B85369007A60E6 /* Build configuration list for PBXNativeTarget "Demo" */;
			buildPhases = (
				806F1E3126B85367007A60E6 /* Sources */,
				806F1E3226B85367007A60E6 /* Frameworks */,
				806F1E3326B85367007A60E6 /* Resources */,
				805AB85626B87A87003BEE0D /* Embed Frameworks */,
			);
			buildRules = (
			);
			dependencies = (
			);
			name = Demo;
			packageProductDependencies = (
				BE1766D626FA7AC3007EF438 /* InAppSettingsKit */,
			);
			productName = Demo;
			productReference = 806F1E3526B85367007A60E6 /* Demo.app */;
			productType = "com.apple.product-type.application";
		};
		BC9D4D1427C54F3F0089E5B1 /* DemoUITests */ = {
			isa = PBXNativeTarget;
			buildConfigurationList = BC9D4D1F27C54F3F0089E5B1 /* Build configuration list for PBXNativeTarget "DemoUITests" */;
			buildPhases = (
				BC9D4D1127C54F3F0089E5B1 /* Sources */,
				BC9D4D1227C54F3F0089E5B1 /* Frameworks */,
				BC9D4D1327C54F3F0089E5B1 /* Resources */,
			);
			buildRules = (
			);
			dependencies = (
				BC9D4D1C27C54F3F0089E5B1 /* PBXTargetDependency */,
			);
			name = DemoUITests;
			productName = DemoUITests;
			productReference = BC9D4D1527C54F3F0089E5B1 /* DemoUITests.xctest */;
			productType = "com.apple.product-type.bundle.ui-testing";
		};
/* End PBXNativeTarget section */

/* Begin PBXProject section */
		806F1E2D26B85367007A60E6 /* Project object */ = {
			isa = PBXProject;
			attributes = {
				BuildIndependentTargetsInParallel = 1;
				LastSwiftUpdateCheck = 1320;
				LastUpgradeCheck = 1300;
				TargetAttributes = {
					806F1E3426B85367007A60E6 = {
						CreatedOnToolsVersion = 13.0;
					};
					BC9D4D1427C54F3F0089E5B1 = {
						CreatedOnToolsVersion = 13.2.1;
						TestTargetID = 806F1E3426B85367007A60E6;
					};
				};
			};
			buildConfigurationList = 806F1E3026B85367007A60E6 /* Build configuration list for PBXProject "Demo" */;
			compatibilityVersion = "Xcode 13.0";
			developmentRegion = en;
			hasScannedForEncodings = 0;
			knownRegions = (
				en,
				Base,
			);
			mainGroup = 806F1E2C26B85367007A60E6;
			packageReferences = (
				BE1766D526FA7AC3007EF438 /* XCRemoteSwiftPackageReference "InAppSettingsKit" */,
			);
			productRefGroup = 806F1E3626B85367007A60E6 /* Products */;
			projectDirPath = "";
			projectRoot = "";
			targets = (
				806F1E3426B85367007A60E6 /* Demo */,
				BC9D4D1427C54F3F0089E5B1 /* DemoUITests */,
			);
		};
/* End PBXProject section */

/* Begin PBXResourcesBuildPhase section */
		806F1E3326B85367007A60E6 /* Resources */ = {
			isa = PBXResourcesBuildPhase;
			buildActionMask = 2147483647;
			files = (
				80921C1D2710A0720040D76F /* LaunchScreen.storyboard in Resources */,
				BE1766D926FA7BC8007EF438 /* Settings.bundle in Resources */,
				806F1E4226B85369007A60E6 /* Assets.xcassets in Resources */,
			);
			runOnlyForDeploymentPostprocessing = 0;
		};
		BC9D4D1327C54F3F0089E5B1 /* Resources */ = {
			isa = PBXResourcesBuildPhase;
			buildActionMask = 2147483647;
			files = (
			);
			runOnlyForDeploymentPostprocessing = 0;
		};
/* End PBXResourcesBuildPhase section */

/* Begin PBXSourcesBuildPhase section */
		806F1E3126B85367007A60E6 /* Sources */ = {
			isa = PBXSourcesBuildPhase;
			buildActionMask = 2147483647;
			files = (
				BECD84A427036E02007CCAE4 /* DemoType.swift in Sources */,
				80F33CED26F8E7A9006811B1 /* Order.swift in Sources */,
				BE31187E273F02A80021C5A2 /* SwiftUICardDemo.swift in Sources */,
				80561B3A26FB5F1C0023138C /* PayPalWebCheckoutViewController.swift in Sources */,
				5301468A2891867800184F22 /* NativeCheckoutResult.swift in Sources */,
				BED04233271084DF00C80954 /* CardFormatter.swift in Sources */,
				CB9ED44E28411B120081F4DE /* SwiftUIPaymentButtonDemo.swift in Sources */,
				80561B3E26FB72D80023138C /* FeatureBaseViewController.swift in Sources */,
				53DBDAA72885D86F00E0ABA1 /* AccessTokenRequest.swift in Sources */,
				BE31187C273F00B60021C5A2 /* DemoUIFramework.swift in Sources */,
				BE9F36DC274578D100AFC7DA /* FeatureBaseViewControllerRepresentable.swift in Sources */,
				BECD84A027036DC2007CCAE4 /* Environment.swift in Sources */,
				806F1E3D26B85367007A60E6 /* ViewController.swift in Sources */,
				80F33CF126F8E7D9006811B1 /* ProcessOrderParams.swift in Sources */,
				53DBDAA52885D83100E0ABA1 /* AccessTokenResponse.swift in Sources */,
				CB9ED44C283FDA900081F4DE /* PaymentButtonEnums+Extension.swift in Sources */,
				BED041B1270CB33900C80954 /* CustomTextField.swift in Sources */,
				80F33CF326F8EA50006811B1 /* DemoSettings.swift in Sources */,
				BEDE304A275EA33500D275FD /* UIViewController+Extension.swift in Sources */,
				80F33CE826F8DE29006811B1 /* DemoMerchantAPI.swift in Sources */,
				80561B3826FB5F0F0023138C /* CardDemoViewController.swift in Sources */,
				80F33CEF26F8E7CC006811B1 /* CreateOrderParams.swift in Sources */,
				BECD84A227036DDB007CCAE4 /* Intent.swift in Sources */,
				BED041AF270CA0FB00C80954 /* CustomButton.swift in Sources */,
				BE1766B326F911A2007EF438 /* URLResponseError.swift in Sources */,
				BE9F36D82745490400AFC7DA /* FloatingLabelTextField.swift in Sources */,
				BE9F36E7275548A600AFC7DA /* BaseViewModel.swift in Sources */,
				806F1E3926B85367007A60E6 /* AppDelegate.swift in Sources */,
				536A5CA62898A730005C053D /* NativeCheckoutDemoViewController.swift in Sources */,
				536A5CA82898AA2A005C053D /* SwiftUINativeCheckoutDemo.swift in Sources */,
				806F1E3B26B85367007A60E6 /* SceneDelegate.swift in Sources */,
				BED042312710833F00C80954 /* CardType.swift in Sources */,
				5301468C28918B4D00184F22 /* ApprovalResult.swift in Sources */,
				BEDE304C275FA4A100D275FD /* SwiftUIPayPalDemo.swift in Sources */,
				CB9ED44A283E59090081F4DE /* PaymentButtonCustomizationViewController.swift in Sources */,
			);
			runOnlyForDeploymentPostprocessing = 0;
		};
		BC9D4D1127C54F3F0089E5B1 /* Sources */ = {
			isa = PBXSourcesBuildPhase;
			buildActionMask = 2147483647;
			files = (
				BC9D4D1827C54F3F0089E5B1 /* CardUITests.swift in Sources */,
				BC9D4D2227C554090089E5B1 /* LaunchApp.swift in Sources */,
				BC9D4D2427C58B8D0089E5B1 /* XCUIApplication+Helpers.swift in Sources */,
				BC9D4D2627C6D1720089E5B1 /* XCUIElement+Helpers.swift in Sources */,
			);
			runOnlyForDeploymentPostprocessing = 0;
		};
/* End PBXSourcesBuildPhase section */

/* Begin PBXTargetDependency section */
		BC9D4D1C27C54F3F0089E5B1 /* PBXTargetDependency */ = {
			isa = PBXTargetDependency;
			target = 806F1E3426B85367007A60E6 /* Demo */;
			targetProxy = BC9D4D1B27C54F3F0089E5B1 /* PBXContainerItemProxy */;
		};
/* End PBXTargetDependency section */

/* Begin XCBuildConfiguration section */
		806F1E4726B85369007A60E6 /* Debug */ = {
			isa = XCBuildConfiguration;
			buildSettings = {
				ALWAYS_SEARCH_USER_PATHS = NO;
				CLANG_ANALYZER_NONNULL = YES;
				CLANG_ANALYZER_NUMBER_OBJECT_CONVERSION = YES_AGGRESSIVE;
				CLANG_CXX_LANGUAGE_STANDARD = "gnu++17";
				CLANG_CXX_LIBRARY = "libc++";
				CLANG_ENABLE_MODULES = YES;
				CLANG_ENABLE_OBJC_ARC = YES;
				CLANG_ENABLE_OBJC_WEAK = YES;
				CLANG_WARN_BLOCK_CAPTURE_AUTORELEASING = YES;
				CLANG_WARN_BOOL_CONVERSION = YES;
				CLANG_WARN_COMMA = YES;
				CLANG_WARN_CONSTANT_CONVERSION = YES;
				CLANG_WARN_DEPRECATED_OBJC_IMPLEMENTATIONS = YES;
				CLANG_WARN_DIRECT_OBJC_ISA_USAGE = YES_ERROR;
				CLANG_WARN_DOCUMENTATION_COMMENTS = YES;
				CLANG_WARN_EMPTY_BODY = YES;
				CLANG_WARN_ENUM_CONVERSION = YES;
				CLANG_WARN_INFINITE_RECURSION = YES;
				CLANG_WARN_INT_CONVERSION = YES;
				CLANG_WARN_NON_LITERAL_NULL_CONVERSION = YES;
				CLANG_WARN_OBJC_IMPLICIT_RETAIN_SELF = YES;
				CLANG_WARN_OBJC_LITERAL_CONVERSION = YES;
				CLANG_WARN_OBJC_ROOT_CLASS = YES_ERROR;
				CLANG_WARN_QUOTED_INCLUDE_IN_FRAMEWORK_HEADER = YES;
				CLANG_WARN_RANGE_LOOP_ANALYSIS = YES;
				CLANG_WARN_STRICT_PROTOTYPES = YES;
				CLANG_WARN_SUSPICIOUS_MOVE = YES;
				CLANG_WARN_UNGUARDED_AVAILABILITY = YES_AGGRESSIVE;
				CLANG_WARN_UNREACHABLE_CODE = YES;
				CLANG_WARN__DUPLICATE_METHOD_MATCH = YES;
				COPY_PHASE_STRIP = NO;
				DEBUG_INFORMATION_FORMAT = dwarf;
				ENABLE_STRICT_OBJC_MSGSEND = YES;
				ENABLE_TESTABILITY = YES;
				GCC_C_LANGUAGE_STANDARD = gnu11;
				GCC_DYNAMIC_NO_PIC = NO;
				GCC_NO_COMMON_BLOCKS = YES;
				GCC_OPTIMIZATION_LEVEL = 0;
				GCC_PREPROCESSOR_DEFINITIONS = (
					"DEBUG=1",
					"$(inherited)",
				);
				GCC_WARN_64_TO_32_BIT_CONVERSION = YES;
				GCC_WARN_ABOUT_RETURN_TYPE = YES_ERROR;
				GCC_WARN_UNDECLARED_SELECTOR = YES;
				GCC_WARN_UNINITIALIZED_AUTOS = YES_AGGRESSIVE;
				GCC_WARN_UNUSED_FUNCTION = YES;
				GCC_WARN_UNUSED_VARIABLE = YES;
				IPHONEOS_DEPLOYMENT_TARGET = 15.0;
				MTL_ENABLE_DEBUG_INFO = INCLUDE_SOURCE;
				MTL_FAST_MATH = YES;
				ONLY_ACTIVE_ARCH = YES;
				SDKROOT = iphoneos;
				SWIFT_ACTIVE_COMPILATION_CONDITIONS = DEBUG;
				SWIFT_OPTIMIZATION_LEVEL = "-Onone";
			};
			name = Debug;
		};
		806F1E4826B85369007A60E6 /* Release */ = {
			isa = XCBuildConfiguration;
			buildSettings = {
				ALWAYS_SEARCH_USER_PATHS = NO;
				CLANG_ANALYZER_NONNULL = YES;
				CLANG_ANALYZER_NUMBER_OBJECT_CONVERSION = YES_AGGRESSIVE;
				CLANG_CXX_LANGUAGE_STANDARD = "gnu++17";
				CLANG_CXX_LIBRARY = "libc++";
				CLANG_ENABLE_MODULES = YES;
				CLANG_ENABLE_OBJC_ARC = YES;
				CLANG_ENABLE_OBJC_WEAK = YES;
				CLANG_WARN_BLOCK_CAPTURE_AUTORELEASING = YES;
				CLANG_WARN_BOOL_CONVERSION = YES;
				CLANG_WARN_COMMA = YES;
				CLANG_WARN_CONSTANT_CONVERSION = YES;
				CLANG_WARN_DEPRECATED_OBJC_IMPLEMENTATIONS = YES;
				CLANG_WARN_DIRECT_OBJC_ISA_USAGE = YES_ERROR;
				CLANG_WARN_DOCUMENTATION_COMMENTS = YES;
				CLANG_WARN_EMPTY_BODY = YES;
				CLANG_WARN_ENUM_CONVERSION = YES;
				CLANG_WARN_INFINITE_RECURSION = YES;
				CLANG_WARN_INT_CONVERSION = YES;
				CLANG_WARN_NON_LITERAL_NULL_CONVERSION = YES;
				CLANG_WARN_OBJC_IMPLICIT_RETAIN_SELF = YES;
				CLANG_WARN_OBJC_LITERAL_CONVERSION = YES;
				CLANG_WARN_OBJC_ROOT_CLASS = YES_ERROR;
				CLANG_WARN_QUOTED_INCLUDE_IN_FRAMEWORK_HEADER = YES;
				CLANG_WARN_RANGE_LOOP_ANALYSIS = YES;
				CLANG_WARN_STRICT_PROTOTYPES = YES;
				CLANG_WARN_SUSPICIOUS_MOVE = YES;
				CLANG_WARN_UNGUARDED_AVAILABILITY = YES_AGGRESSIVE;
				CLANG_WARN_UNREACHABLE_CODE = YES;
				CLANG_WARN__DUPLICATE_METHOD_MATCH = YES;
				COPY_PHASE_STRIP = NO;
				DEBUG_INFORMATION_FORMAT = "dwarf-with-dsym";
				ENABLE_NS_ASSERTIONS = NO;
				ENABLE_STRICT_OBJC_MSGSEND = YES;
				GCC_C_LANGUAGE_STANDARD = gnu11;
				GCC_NO_COMMON_BLOCKS = YES;
				GCC_WARN_64_TO_32_BIT_CONVERSION = YES;
				GCC_WARN_ABOUT_RETURN_TYPE = YES_ERROR;
				GCC_WARN_UNDECLARED_SELECTOR = YES;
				GCC_WARN_UNINITIALIZED_AUTOS = YES_AGGRESSIVE;
				GCC_WARN_UNUSED_FUNCTION = YES;
				GCC_WARN_UNUSED_VARIABLE = YES;
				IPHONEOS_DEPLOYMENT_TARGET = 15.0;
				MTL_ENABLE_DEBUG_INFO = NO;
				MTL_FAST_MATH = YES;
				SDKROOT = iphoneos;
				SWIFT_COMPILATION_MODE = wholemodule;
				SWIFT_OPTIMIZATION_LEVEL = "-O";
				VALIDATE_PRODUCT = YES;
			};
			name = Release;
		};
		806F1E4A26B85369007A60E6 /* Debug */ = {
			isa = XCBuildConfiguration;
			buildSettings = {
				ASSETCATALOG_COMPILER_APPICON_NAME = AppIcon;
				ASSETCATALOG_COMPILER_GLOBAL_ACCENT_COLOR_NAME = AccentColor;
				CODE_SIGN_STYLE = Automatic;
				CURRENT_PROJECT_VERSION = 1;
				DEVELOPMENT_TEAM = 43253H4X22;
				GENERATE_INFOPLIST_FILE = YES;
				INFOPLIST_FILE = Demo/Info.plist;
				INFOPLIST_KEY_UIApplicationSupportsIndirectInputEvents = YES;
				INFOPLIST_KEY_UILaunchStoryboardName = LaunchScreen;
				INFOPLIST_KEY_UISupportedInterfaceOrientations = UIInterfaceOrientationPortrait;
				INFOPLIST_KEY_UISupportedInterfaceOrientations_iPad = "UIInterfaceOrientationPortrait UIInterfaceOrientationPortraitUpsideDown UIInterfaceOrientationLandscapeLeft UIInterfaceOrientationLandscapeRight";
				INFOPLIST_KEY_UISupportedInterfaceOrientations_iPhone = UIInterfaceOrientationPortrait;
				INFOPLIST_KEY_UIUserInterfaceStyle = Light;
				LD_RUNPATH_SEARCH_PATHS = (
					"$(inherited)",
					"@executable_path/Frameworks",
				);
				MARKETING_VERSION = 1.0;
				PRODUCT_BUNDLE_IDENTIFIER = "com.paypal.ios-sdk.Demo";
				PRODUCT_NAME = "$(TARGET_NAME)";
				SWIFT_EMIT_LOC_STRINGS = YES;
				SWIFT_VERSION = 5.0;
				TARGETED_DEVICE_FAMILY = "1,2";
			};
			name = Debug;
		};
		806F1E4B26B85369007A60E6 /* Release */ = {
			isa = XCBuildConfiguration;
			buildSettings = {
				ASSETCATALOG_COMPILER_APPICON_NAME = AppIcon;
				ASSETCATALOG_COMPILER_GLOBAL_ACCENT_COLOR_NAME = AccentColor;
				CODE_SIGN_STYLE = Automatic;
				CURRENT_PROJECT_VERSION = 1;
				DEVELOPMENT_TEAM = 43253H4X22;
				GENERATE_INFOPLIST_FILE = YES;
				INFOPLIST_FILE = Demo/Info.plist;
				INFOPLIST_KEY_UIApplicationSupportsIndirectInputEvents = YES;
				INFOPLIST_KEY_UILaunchStoryboardName = LaunchScreen;
				INFOPLIST_KEY_UISupportedInterfaceOrientations = UIInterfaceOrientationPortrait;
				INFOPLIST_KEY_UISupportedInterfaceOrientations_iPad = "UIInterfaceOrientationPortrait UIInterfaceOrientationPortraitUpsideDown UIInterfaceOrientationLandscapeLeft UIInterfaceOrientationLandscapeRight";
				INFOPLIST_KEY_UISupportedInterfaceOrientations_iPhone = UIInterfaceOrientationPortrait;
				INFOPLIST_KEY_UIUserInterfaceStyle = Light;
				LD_RUNPATH_SEARCH_PATHS = (
					"$(inherited)",
					"@executable_path/Frameworks",
				);
				MARKETING_VERSION = 1.0;
				PRODUCT_BUNDLE_IDENTIFIER = "com.paypal.ios-sdk.Demo";
				PRODUCT_NAME = "$(TARGET_NAME)";
				SWIFT_EMIT_LOC_STRINGS = YES;
				SWIFT_VERSION = 5.0;
				TARGETED_DEVICE_FAMILY = "1,2";
			};
			name = Release;
		};
		BC9D4D1D27C54F3F0089E5B1 /* Debug */ = {
			isa = XCBuildConfiguration;
			buildSettings = {
				CODE_SIGN_STYLE = Automatic;
				CURRENT_PROJECT_VERSION = 1;
				GENERATE_INFOPLIST_FILE = YES;
				IPHONEOS_DEPLOYMENT_TARGET = 15.2;
				MARKETING_VERSION = 1.0;
				PRODUCT_BUNDLE_IDENTIFIER = "com.paypal.ios-sdk.DemoUITests";
				PRODUCT_NAME = "$(TARGET_NAME)";
				SWIFT_EMIT_LOC_STRINGS = NO;
				SWIFT_VERSION = 5.0;
				TARGETED_DEVICE_FAMILY = "1,2";
				TEST_TARGET_NAME = Demo;
			};
			name = Debug;
		};
		BC9D4D1E27C54F3F0089E5B1 /* Release */ = {
			isa = XCBuildConfiguration;
			buildSettings = {
				CODE_SIGN_STYLE = Automatic;
				CURRENT_PROJECT_VERSION = 1;
				GENERATE_INFOPLIST_FILE = YES;
				IPHONEOS_DEPLOYMENT_TARGET = 15.2;
				MARKETING_VERSION = 1.0;
				PRODUCT_BUNDLE_IDENTIFIER = "com.paypal.ios-sdk.DemoUITests";
				PRODUCT_NAME = "$(TARGET_NAME)";
				SWIFT_EMIT_LOC_STRINGS = NO;
				SWIFT_VERSION = 5.0;
				TARGETED_DEVICE_FAMILY = "1,2";
				TEST_TARGET_NAME = Demo;
			};
			name = Release;
		};
/* End XCBuildConfiguration section */

/* Begin XCConfigurationList section */
		806F1E3026B85367007A60E6 /* Build configuration list for PBXProject "Demo" */ = {
			isa = XCConfigurationList;
			buildConfigurations = (
				806F1E4726B85369007A60E6 /* Debug */,
				806F1E4826B85369007A60E6 /* Release */,
			);
			defaultConfigurationIsVisible = 0;
			defaultConfigurationName = Release;
		};
		806F1E4926B85369007A60E6 /* Build configuration list for PBXNativeTarget "Demo" */ = {
			isa = XCConfigurationList;
			buildConfigurations = (
				806F1E4A26B85369007A60E6 /* Debug */,
				806F1E4B26B85369007A60E6 /* Release */,
			);
			defaultConfigurationIsVisible = 0;
			defaultConfigurationName = Release;
		};
		BC9D4D1F27C54F3F0089E5B1 /* Build configuration list for PBXNativeTarget "DemoUITests" */ = {
			isa = XCConfigurationList;
			buildConfigurations = (
				BC9D4D1D27C54F3F0089E5B1 /* Debug */,
				BC9D4D1E27C54F3F0089E5B1 /* Release */,
			);
			defaultConfigurationIsVisible = 0;
			defaultConfigurationName = Release;
		};
/* End XCConfigurationList section */

/* Begin XCRemoteSwiftPackageReference section */
		BE1766D526FA7AC3007EF438 /* XCRemoteSwiftPackageReference "InAppSettingsKit" */ = {
			isa = XCRemoteSwiftPackageReference;
			repositoryURL = "https://github.com/futuretap/InAppSettingsKit";
			requirement = {
				branch = master;
				kind = branch;
			};
		};
/* End XCRemoteSwiftPackageReference section */

/* Begin XCSwiftPackageProductDependency section */
		BE1766D626FA7AC3007EF438 /* InAppSettingsKit */ = {
			isa = XCSwiftPackageProductDependency;
			package = BE1766D526FA7AC3007EF438 /* XCRemoteSwiftPackageReference "InAppSettingsKit" */;
			productName = InAppSettingsKit;
		};
/* End XCSwiftPackageProductDependency section */
	};
	rootObject = 806F1E2D26B85367007A60E6 /* Project object */;
}
