// !$*UTF8*$!
{
	archiveVersion = 1;
	classes = {
	};
	objectVersion = 60;
	objects = {

/* Begin PBXBuildFile section */
		1001E2C12CFFC72E0023A03C /* PayPalPaymentState.swift in Sources */ = {isa = PBXBuildFile; fileRef = 1001E2C02CFFC72E0023A03C /* PayPalPaymentState.swift */; };
		1001E2C52CFFD2800023A03C /* PayPalApprovalResultView.swift in Sources */ = {isa = PBXBuildFile; fileRef = 1001E2C42CFFD2800023A03C /* PayPalApprovalResultView.swift */; };
		1001E2C72CFFD2A30023A03C /* PayPalOrderCompletionResultView.swift in Sources */ = {isa = PBXBuildFile; fileRef = 1001E2C62CFFD2A20023A03C /* PayPalOrderCompletionResultView.swift */; };
		3B20273D2A89E3F00007907E /* CreateSetupTokenView.swift in Sources */ = {isa = PBXBuildFile; fileRef = 3B20273C2A89E3F00007907E /* CreateSetupTokenView.swift */; };
		3B20273F2A89F24E0007907E /* CardVaultViewModel.swift in Sources */ = {isa = PBXBuildFile; fileRef = 3B20273E2A89F24E0007907E /* CardVaultViewModel.swift */; };
		3B2027412A8A72050007907E /* VaultState.swift in Sources */ = {isa = PBXBuildFile; fileRef = 3B2027402A8A72050007907E /* VaultState.swift */; };
		3B2027432A8A95EF0007907E /* SetupTokenResultView.swift in Sources */ = {isa = PBXBuildFile; fileRef = 3B2027422A8A95EF0007907E /* SetupTokenResultView.swift */; };
		3B2027452A8AA78B0007907E /* UpdateSetupTokenView.swift in Sources */ = {isa = PBXBuildFile; fileRef = 3B2027442A8AA78B0007907E /* UpdateSetupTokenView.swift */; };
		3B22E8BA2A842D8900962E34 /* PaymentTokenParam.swift in Sources */ = {isa = PBXBuildFile; fileRef = 3B22E8B92A842D8900962E34 /* PaymentTokenParam.swift */; };
		3B22E8BC2A84397600962E34 /* PaymentTokenResponse.swift in Sources */ = {isa = PBXBuildFile; fileRef = 3B22E8BB2A84397600962E34 /* PaymentTokenResponse.swift */; };
		3B3C51142B20F7CE009125FE /* PayPalVaultResultView.swift in Sources */ = {isa = PBXBuildFile; fileRef = 3B3C51132B20F7CE009125FE /* PayPalVaultResultView.swift */; };
		3B4DD9A02A892A7000F4A716 /* CardVaultView.swift in Sources */ = {isa = PBXBuildFile; fileRef = 3B4DD99F2A892A7000F4A716 /* CardVaultView.swift */; };
		3B4DD9A22A8982B000F4A716 /* CardFormView.swift in Sources */ = {isa = PBXBuildFile; fileRef = 3B4DD9A12A8982B000F4A716 /* CardFormView.swift */; };
		3B6472A72AFAEB3A004745C4 /* PayPalWebTransactionView.swift in Sources */ = {isa = PBXBuildFile; fileRef = 3B6472A62AFAEB3A004745C4 /* PayPalWebTransactionView.swift */; };
		3B80D50E2A291C0800D2EAC4 /* ClientIDRequest.swift in Sources */ = {isa = PBXBuildFile; fileRef = 3B80D50D2A291C0800D2EAC4 /* ClientIDRequest.swift */; };
		3B80D5102A291CB100D2EAC4 /* ClientIDResponse.swift in Sources */ = {isa = PBXBuildFile; fileRef = 3B80D50F2A291CB100D2EAC4 /* ClientIDResponse.swift */; };
		3B8EF4DB2A932DA300A70D0B /* ErrorView.swift in Sources */ = {isa = PBXBuildFile; fileRef = 3B8EF4DA2A932DA300A70D0B /* ErrorView.swift */; };
		3BA0A58B2B1E240300330681 /* VaultViewModel.swift in Sources */ = {isa = PBXBuildFile; fileRef = 3BA0A58A2B1E240300330681 /* VaultViewModel.swift */; };
		3BA56FE72A9DC9D70081D14F /* CardPaymentViewModel.swift in Sources */ = {isa = PBXBuildFile; fileRef = 3BA56FE62A9DC9D70081D14F /* CardPaymentViewModel.swift */; };
		3BA56FE92A9DCA520081D14F /* CardPaymentState.swift in Sources */ = {isa = PBXBuildFile; fileRef = 3BA56FE82A9DCA520081D14F /* CardPaymentState.swift */; };
		3BA56FEC2A9DCBF30081D14F /* CreateOrderCardPaymentView.swift in Sources */ = {isa = PBXBuildFile; fileRef = 3BA56FEB2A9DCBF30081D14F /* CreateOrderCardPaymentView.swift */; };
		3BA56FEE2A9DCC340081D14F /* OrderCreateCardResultView.swift in Sources */ = {isa = PBXBuildFile; fileRef = 3BA56FED2A9DCC340081D14F /* OrderCreateCardResultView.swift */; };
		3BA56FF02A9DCCFD0081D14F /* CardOrderApproveView.swift in Sources */ = {isa = PBXBuildFile; fileRef = 3BA56FEF2A9DCCFD0081D14F /* CardOrderApproveView.swift */; };
		3BA56FF22A9DCD440081D14F /* CardApprovalResultView.swift in Sources */ = {isa = PBXBuildFile; fileRef = 3BA56FF12A9DCD440081D14F /* CardApprovalResultView.swift */; };
		3BA56FF42A9DCD790081D14F /* CardPaymentView.swift in Sources */ = {isa = PBXBuildFile; fileRef = 3BA56FF32A9DCD790081D14F /* CardPaymentView.swift */; };
		3BA56FF62A9E9AAB0081D14F /* CardOrderActionButton.swift in Sources */ = {isa = PBXBuildFile; fileRef = 3BA56FF52A9E9AAB0081D14F /* CardOrderActionButton.swift */; };
		3BA56FF82A9FDB5A0081D14F /* CardPaymentOrderCompletionView.swift in Sources */ = {isa = PBXBuildFile; fileRef = 3BA56FF72A9FDB5A0081D14F /* CardPaymentOrderCompletionView.swift */; };
		3BA56FFA2A9FE4180081D14F /* CardOrderCompletionResultView.swift in Sources */ = {isa = PBXBuildFile; fileRef = 3BA56FF92A9FE4180081D14F /* CardOrderCompletionResultView.swift */; };
		3BA56FFC2A9FEFE90081D14F /* PayPalWebViewModel.swift in Sources */ = {isa = PBXBuildFile; fileRef = 3BA56FFB2A9FEFE90081D14F /* PayPalWebViewModel.swift */; };
		3BA570012AA052E80081D14F /* PayPalWebPaymentsView.swift in Sources */ = {isa = PBXBuildFile; fileRef = 3BA570002AA052E80081D14F /* PayPalWebPaymentsView.swift */; };
		3BA570032AA053AE0081D14F /* PayPalWebCreateOrderView.swift in Sources */ = {isa = PBXBuildFile; fileRef = 3BA570022AA053AE0081D14F /* PayPalWebCreateOrderView.swift */; };
		3BA570072AA0DF330081D14F /* PayPalWebButtonsView.swift in Sources */ = {isa = PBXBuildFile; fileRef = 3BA570062AA0DF330081D14F /* PayPalWebButtonsView.swift */; };
		3BA5700B2AA13C1C0081D14F /* CoreConfigManager.swift in Sources */ = {isa = PBXBuildFile; fileRef = 3BA5700A2AA13C1C0081D14F /* CoreConfigManager.swift */; };
		3BB60B532B1F9F1100A298CF /* PayPalVaultView.swift in Sources */ = {isa = PBXBuildFile; fileRef = 3BB60B522B1F9F1100A298CF /* PayPalVaultView.swift */; };
		3BB60B552B1FA00C00A298CF /* PayPalVaultViewModel.swift in Sources */ = {isa = PBXBuildFile; fileRef = 3BB60B542B1FA00C00A298CF /* PayPalVaultViewModel.swift */; };
		3BB7A9772A5CA6FD00C05140 /* MerchantIntegration.swift in Sources */ = {isa = PBXBuildFile; fileRef = 3BB7A9762A5CA6FD00C05140 /* MerchantIntegration.swift */; };
		3BC622072A97115700251B85 /* RoundedBlueButtonStyle.swift in Sources */ = {isa = PBXBuildFile; fileRef = 3BC622062A97115700251B85 /* RoundedBlueButtonStyle.swift */; };
		3BC622092A97198500251B85 /* LeadingText.swift in Sources */ = {isa = PBXBuildFile; fileRef = 3BC622082A97198500251B85 /* LeadingText.swift */; };
		3BC6220B2A97204E00251B85 /* CircularProgressView.swift in Sources */ = {isa = PBXBuildFile; fileRef = 3BC6220A2A97204E00251B85 /* CircularProgressView.swift */; };
		3BCCFE462A9D47AC00C5102F /* CardExtensions.swift in Sources */ = {isa = PBXBuildFile; fileRef = 3BCCFE452A9D47AC00C5102F /* CardExtensions.swift */; };
		3BCCFE492A9D96CA00C5102F /* DemoApp.swift in Sources */ = {isa = PBXBuildFile; fileRef = 3BCCFE482A9D96CA00C5102F /* DemoApp.swift */; };
		3BCCFE4B2A9D985F00C5102F /* FeatureSelectionView.swift in Sources */ = {isa = PBXBuildFile; fileRef = 3BCCFE4A2A9D985F00C5102F /* FeatureSelectionView.swift */; };
		3BDB348E2A7CB02C008100D7 /* CreateSetupTokenParam.swift in Sources */ = {isa = PBXBuildFile; fileRef = 3BDB348D2A7CB02C008100D7 /* CreateSetupTokenParam.swift */; };
		3BDB34922A7CB5DE008100D7 /* CreateSetupTokenResponse.swift in Sources */ = {isa = PBXBuildFile; fileRef = 3BDB34912A7CB5DE008100D7 /* CreateSetupTokenResponse.swift */; };
		3BF999762A8AC093009CBDF2 /* UpdateSetupTokenResultView.swift in Sources */ = {isa = PBXBuildFile; fileRef = 3BF999752A8AC093009CBDF2 /* UpdateSetupTokenResultView.swift */; };
		3BF999782A8AD072009CBDF2 /* CreatePaymentTokenView.swift in Sources */ = {isa = PBXBuildFile; fileRef = 3BF999772A8AD072009CBDF2 /* CreatePaymentTokenView.swift */; };
		3BF9997A2A8AE12C009CBDF2 /* PaymentTokenResultView.swift in Sources */ = {isa = PBXBuildFile; fileRef = 3BF999792A8AE12C009CBDF2 /* PaymentTokenResultView.swift */; };
		5301468C28918B4D00184F22 /* ApprovalResult.swift in Sources */ = {isa = PBXBuildFile; fileRef = 5301468B28918B4D00184F22 /* ApprovalResult.swift */; };
		8052E2A529B684BA00B33FBC /* PPRiskMagnes.xcframework in Frameworks */ = {isa = PBXBuildFile; fileRef = 8052E2A229B684A600B33FBC /* PPRiskMagnes.xcframework */; };
		8052E2A629B684BA00B33FBC /* PPRiskMagnes.xcframework in Embed Frameworks */ = {isa = PBXBuildFile; fileRef = 8052E2A229B684A600B33FBC /* PPRiskMagnes.xcframework */; settings = {ATTRIBUTES = (CodeSignOnCopy, RemoveHeadersOnCopy, ); }; };
		806F1E4226B85369007A60E6 /* Assets.xcassets in Resources */ = {isa = PBXBuildFile; fileRef = 806F1E4126B85369007A60E6 /* Assets.xcassets */; };
		80921C1D2710A0720040D76F /* LaunchScreen.storyboard in Resources */ = {isa = PBXBuildFile; fileRef = 80921C1C2710A0720040D76F /* LaunchScreen.storyboard */; };
		80F33CE826F8DE29006811B1 /* DemoMerchantAPI.swift in Sources */ = {isa = PBXBuildFile; fileRef = 80F33CE726F8DE29006811B1 /* DemoMerchantAPI.swift */; };
		80F33CED26F8E7A9006811B1 /* Order.swift in Sources */ = {isa = PBXBuildFile; fileRef = 80F33CEC26F8E7A9006811B1 /* Order.swift */; };
		80F33CEF26F8E7CC006811B1 /* CreateOrderParams.swift in Sources */ = {isa = PBXBuildFile; fileRef = 80F33CEE26F8E7CC006811B1 /* CreateOrderParams.swift */; };
		80F33CF326F8EA50006811B1 /* DemoSettings.swift in Sources */ = {isa = PBXBuildFile; fileRef = 80F33CF226F8EA50006811B1 /* DemoSettings.swift */; };
		BC6460CD2A12A2A0002B974B /* EmptyBodyParams.swift in Sources */ = {isa = PBXBuildFile; fileRef = BC6460CC2A12A2A0002B974B /* EmptyBodyParams.swift */; };
		BC9D4D2227C554090089E5B1 /* LaunchApp.swift in Sources */ = {isa = PBXBuildFile; fileRef = BC9D4D2127C554090089E5B1 /* LaunchApp.swift */; };
		BC9D4D2427C58B8D0089E5B1 /* XCUIApplication+Helpers.swift in Sources */ = {isa = PBXBuildFile; fileRef = BC9D4D2327C58B8D0089E5B1 /* XCUIApplication+Helpers.swift */; };
		BC9D4D2627C6D1720089E5B1 /* XCUIElement+Helpers.swift in Sources */ = {isa = PBXBuildFile; fileRef = BC9D4D2527C6D1720089E5B1 /* XCUIElement+Helpers.swift */; };
		BE1766B326F911A2007EF438 /* URLResponseError.swift in Sources */ = {isa = PBXBuildFile; fileRef = BE1766B226F911A2007EF438 /* URLResponseError.swift */; };
		BE1766D926FA7BC8007EF438 /* Settings.bundle in Resources */ = {isa = PBXBuildFile; fileRef = BE1766D826FA7BC8007EF438 /* Settings.bundle */; };
		BE5898952B2B91F800AA196E /* LabelViewText.swift in Sources */ = {isa = PBXBuildFile; fileRef = BE5898942B2B91F800AA196E /* LabelViewText.swift */; };
		BE8117642B07E778009867B9 /* PayPalOrderCreateResultView.swift in Sources */ = {isa = PBXBuildFile; fileRef = BE8117632B07E778009867B9 /* PayPalOrderCreateResultView.swift */; };
		BE8117682B080472009867B9 /* CurrentState.swift in Sources */ = {isa = PBXBuildFile; fileRef = BE8117672B080472009867B9 /* CurrentState.swift */; };
		BE9F36D82745490400AFC7DA /* FloatingLabelTextField.swift in Sources */ = {isa = PBXBuildFile; fileRef = BE9F36D72745490400AFC7DA /* FloatingLabelTextField.swift */; };
		BECD84A027036DC2007CCAE4 /* Environment.swift in Sources */ = {isa = PBXBuildFile; fileRef = BECD849F27036DC2007CCAE4 /* Environment.swift */; };
		BECD84A227036DDB007CCAE4 /* Intent.swift in Sources */ = {isa = PBXBuildFile; fileRef = BECD84A127036DDB007CCAE4 /* Intent.swift */; };
		BED042312710833F00C80954 /* CardType.swift in Sources */ = {isa = PBXBuildFile; fileRef = BED042302710833F00C80954 /* CardType.swift */; };
		BED04233271084DF00C80954 /* CardFormatter.swift in Sources */ = {isa = PBXBuildFile; fileRef = BED04232271084DF00C80954 /* CardFormatter.swift */; };
		CB1AC3B82982AAD70081AED6 /* CardPayments.framework in Frameworks */ = {isa = PBXBuildFile; fileRef = CB1AC3B72982AAD70081AED6 /* CardPayments.framework */; };
		CB1AC3B92982AAD70081AED6 /* CardPayments.framework in Embed Frameworks */ = {isa = PBXBuildFile; fileRef = CB1AC3B72982AAD70081AED6 /* CardPayments.framework */; settings = {ATTRIBUTES = (CodeSignOnCopy, RemoveHeadersOnCopy, ); }; };
		CB1AC3BB2982BB130081AED6 /* PaymentButtons.framework in Frameworks */ = {isa = PBXBuildFile; fileRef = CB1AC3BA2982BB130081AED6 /* PaymentButtons.framework */; };
		CB1AC3BC2982BB130081AED6 /* PaymentButtons.framework in Embed Frameworks */ = {isa = PBXBuildFile; fileRef = CB1AC3BA2982BB130081AED6 /* PaymentButtons.framework */; settings = {ATTRIBUTES = (CodeSignOnCopy, RemoveHeadersOnCopy, ); }; };
		CB1AC3C02982C4030081AED6 /* PayPalWebPayments.framework in Frameworks */ = {isa = PBXBuildFile; fileRef = CB1AC3BF2982C4030081AED6 /* PayPalWebPayments.framework */; };
		CB1AC3C12982C4030081AED6 /* PayPalWebPayments.framework in Embed Frameworks */ = {isa = PBXBuildFile; fileRef = CB1AC3BF2982C4030081AED6 /* PayPalWebPayments.framework */; settings = {ATTRIBUTES = (CodeSignOnCopy, RemoveHeadersOnCopy, ); }; };
		CB1AC3C72982E32D0081AED6 /* FraudProtection.framework in Frameworks */ = {isa = PBXBuildFile; fileRef = CB1AC3C62982E32D0081AED6 /* FraudProtection.framework */; };
		CB1AC3C82982E32D0081AED6 /* FraudProtection.framework in Embed Frameworks */ = {isa = PBXBuildFile; fileRef = CB1AC3C62982E32D0081AED6 /* FraudProtection.framework */; settings = {ATTRIBUTES = (CodeSignOnCopy, RemoveHeadersOnCopy, ); }; };
		CB9ED44C283FDA900081F4DE /* PaymentButtonEnums+Extension.swift in Sources */ = {isa = PBXBuildFile; fileRef = CB9ED44B283FDA900081F4DE /* PaymentButtonEnums+Extension.swift */; };
		CB9ED44E28411B120081F4DE /* SwiftUIPaymentButtonDemo.swift in Sources */ = {isa = PBXBuildFile; fileRef = CB9ED44D28411B110081F4DE /* SwiftUIPaymentButtonDemo.swift */; };
		CBDEEA222989990200A460A6 /* CorePayments.framework in Frameworks */ = {isa = PBXBuildFile; fileRef = CBDEEA212989990200A460A6 /* CorePayments.framework */; };
		CBDEEA232989990200A460A6 /* CorePayments.framework in Embed Frameworks */ = {isa = PBXBuildFile; fileRef = CBDEEA212989990200A460A6 /* CorePayments.framework */; settings = {ATTRIBUTES = (CodeSignOnCopy, RemoveHeadersOnCopy, ); }; };
/* End PBXBuildFile section */

/* Begin PBXContainerItemProxy section */
		BC9D4D1B27C54F3F0089E5B1 /* PBXContainerItemProxy */ = {
			isa = PBXContainerItemProxy;
			containerPortal = 806F1E2D26B85367007A60E6 /* Project object */;
			proxyType = 1;
			remoteGlobalIDString = 806F1E3426B85367007A60E6;
			remoteInfo = Demo;
		};
/* End PBXContainerItemProxy section */

/* Begin PBXCopyFilesBuildPhase section */
		805AB85626B87A87003BEE0D /* Embed Frameworks */ = {
			isa = PBXCopyFilesBuildPhase;
			buildActionMask = 2147483647;
			dstPath = "";
			dstSubfolderSpec = 10;
			files = (
				CBDEEA232989990200A460A6 /* CorePayments.framework in Embed Frameworks */,
				CB1AC3C12982C4030081AED6 /* PayPalWebPayments.framework in Embed Frameworks */,
				CB1AC3BC2982BB130081AED6 /* PaymentButtons.framework in Embed Frameworks */,
				8052E2A629B684BA00B33FBC /* PPRiskMagnes.xcframework in Embed Frameworks */,
				CB1AC3C82982E32D0081AED6 /* FraudProtection.framework in Embed Frameworks */,
				CB1AC3B92982AAD70081AED6 /* CardPayments.framework in Embed Frameworks */,
			);
			name = "Embed Frameworks";
			runOnlyForDeploymentPostprocessing = 0;
		};
/* End PBXCopyFilesBuildPhase section */

/* Begin PBXFileReference section */
		1001E2C02CFFC72E0023A03C /* PayPalPaymentState.swift */ = {isa = PBXFileReference; lastKnownFileType = sourcecode.swift; path = PayPalPaymentState.swift; sourceTree = "<group>"; };
		1001E2C42CFFD2800023A03C /* PayPalApprovalResultView.swift */ = {isa = PBXFileReference; lastKnownFileType = sourcecode.swift; path = PayPalApprovalResultView.swift; sourceTree = "<group>"; };
		1001E2C62CFFD2A20023A03C /* PayPalOrderCompletionResultView.swift */ = {isa = PBXFileReference; lastKnownFileType = sourcecode.swift; path = PayPalOrderCompletionResultView.swift; sourceTree = "<group>"; };
		3B20273C2A89E3F00007907E /* CreateSetupTokenView.swift */ = {isa = PBXFileReference; lastKnownFileType = sourcecode.swift; path = CreateSetupTokenView.swift; sourceTree = "<group>"; };
		3B20273E2A89F24E0007907E /* CardVaultViewModel.swift */ = {isa = PBXFileReference; lastKnownFileType = sourcecode.swift; path = CardVaultViewModel.swift; sourceTree = "<group>"; };
		3B2027402A8A72050007907E /* VaultState.swift */ = {isa = PBXFileReference; lastKnownFileType = sourcecode.swift; path = VaultState.swift; sourceTree = "<group>"; };
		3B2027422A8A95EF0007907E /* SetupTokenResultView.swift */ = {isa = PBXFileReference; lastKnownFileType = sourcecode.swift; path = SetupTokenResultView.swift; sourceTree = "<group>"; };
		3B2027442A8AA78B0007907E /* UpdateSetupTokenView.swift */ = {isa = PBXFileReference; lastKnownFileType = sourcecode.swift; path = UpdateSetupTokenView.swift; sourceTree = "<group>"; };
		3B22E8B92A842D8900962E34 /* PaymentTokenParam.swift */ = {isa = PBXFileReference; lastKnownFileType = sourcecode.swift; path = PaymentTokenParam.swift; sourceTree = "<group>"; };
		3B22E8BB2A84397600962E34 /* PaymentTokenResponse.swift */ = {isa = PBXFileReference; lastKnownFileType = sourcecode.swift; path = PaymentTokenResponse.swift; sourceTree = "<group>"; };
		3B3C51132B20F7CE009125FE /* PayPalVaultResultView.swift */ = {isa = PBXFileReference; lastKnownFileType = sourcecode.swift; path = PayPalVaultResultView.swift; sourceTree = "<group>"; };
		3B4DD99F2A892A7000F4A716 /* CardVaultView.swift */ = {isa = PBXFileReference; lastKnownFileType = sourcecode.swift; path = CardVaultView.swift; sourceTree = "<group>"; };
		3B4DD9A12A8982B000F4A716 /* CardFormView.swift */ = {isa = PBXFileReference; lastKnownFileType = sourcecode.swift; path = CardFormView.swift; sourceTree = "<group>"; };
		3B6472A62AFAEB3A004745C4 /* PayPalWebTransactionView.swift */ = {isa = PBXFileReference; fileEncoding = 4; lastKnownFileType = sourcecode.swift; path = PayPalWebTransactionView.swift; sourceTree = "<group>"; };
		3B80D50D2A291C0800D2EAC4 /* ClientIDRequest.swift */ = {isa = PBXFileReference; lastKnownFileType = sourcecode.swift; path = ClientIDRequest.swift; sourceTree = "<group>"; };
		3B80D50F2A291CB100D2EAC4 /* ClientIDResponse.swift */ = {isa = PBXFileReference; lastKnownFileType = sourcecode.swift; path = ClientIDResponse.swift; sourceTree = "<group>"; };
		3B8EF4DA2A932DA300A70D0B /* ErrorView.swift */ = {isa = PBXFileReference; lastKnownFileType = sourcecode.swift; path = ErrorView.swift; sourceTree = "<group>"; };
		3BA0A58A2B1E240300330681 /* VaultViewModel.swift */ = {isa = PBXFileReference; lastKnownFileType = sourcecode.swift; path = VaultViewModel.swift; sourceTree = "<group>"; };
		3BA56FE62A9DC9D70081D14F /* CardPaymentViewModel.swift */ = {isa = PBXFileReference; lastKnownFileType = sourcecode.swift; path = CardPaymentViewModel.swift; sourceTree = "<group>"; };
		3BA56FE82A9DCA520081D14F /* CardPaymentState.swift */ = {isa = PBXFileReference; lastKnownFileType = sourcecode.swift; path = CardPaymentState.swift; sourceTree = "<group>"; };
		3BA56FEB2A9DCBF30081D14F /* CreateOrderCardPaymentView.swift */ = {isa = PBXFileReference; lastKnownFileType = sourcecode.swift; path = CreateOrderCardPaymentView.swift; sourceTree = "<group>"; };
		3BA56FED2A9DCC340081D14F /* OrderCreateCardResultView.swift */ = {isa = PBXFileReference; lastKnownFileType = sourcecode.swift; path = OrderCreateCardResultView.swift; sourceTree = "<group>"; };
		3BA56FEF2A9DCCFD0081D14F /* CardOrderApproveView.swift */ = {isa = PBXFileReference; lastKnownFileType = sourcecode.swift; path = CardOrderApproveView.swift; sourceTree = "<group>"; };
		3BA56FF12A9DCD440081D14F /* CardApprovalResultView.swift */ = {isa = PBXFileReference; lastKnownFileType = sourcecode.swift; path = CardApprovalResultView.swift; sourceTree = "<group>"; };
		3BA56FF32A9DCD790081D14F /* CardPaymentView.swift */ = {isa = PBXFileReference; lastKnownFileType = sourcecode.swift; path = CardPaymentView.swift; sourceTree = "<group>"; };
		3BA56FF52A9E9AAB0081D14F /* CardOrderActionButton.swift */ = {isa = PBXFileReference; lastKnownFileType = sourcecode.swift; path = CardOrderActionButton.swift; sourceTree = "<group>"; };
		3BA56FF72A9FDB5A0081D14F /* CardPaymentOrderCompletionView.swift */ = {isa = PBXFileReference; lastKnownFileType = sourcecode.swift; path = CardPaymentOrderCompletionView.swift; sourceTree = "<group>"; };
		3BA56FF92A9FE4180081D14F /* CardOrderCompletionResultView.swift */ = {isa = PBXFileReference; lastKnownFileType = sourcecode.swift; path = CardOrderCompletionResultView.swift; sourceTree = "<group>"; };
		3BA56FFB2A9FEFE90081D14F /* PayPalWebViewModel.swift */ = {isa = PBXFileReference; lastKnownFileType = sourcecode.swift; path = PayPalWebViewModel.swift; sourceTree = "<group>"; };
		3BA570002AA052E80081D14F /* PayPalWebPaymentsView.swift */ = {isa = PBXFileReference; lastKnownFileType = sourcecode.swift; path = PayPalWebPaymentsView.swift; sourceTree = "<group>"; };
		3BA570022AA053AE0081D14F /* PayPalWebCreateOrderView.swift */ = {isa = PBXFileReference; lastKnownFileType = sourcecode.swift; path = PayPalWebCreateOrderView.swift; sourceTree = "<group>"; };
		3BA570062AA0DF330081D14F /* PayPalWebButtonsView.swift */ = {isa = PBXFileReference; lastKnownFileType = sourcecode.swift; path = PayPalWebButtonsView.swift; sourceTree = "<group>"; };
		3BA5700A2AA13C1C0081D14F /* CoreConfigManager.swift */ = {isa = PBXFileReference; lastKnownFileType = sourcecode.swift; path = CoreConfigManager.swift; sourceTree = "<group>"; };
		3BB60B522B1F9F1100A298CF /* PayPalVaultView.swift */ = {isa = PBXFileReference; lastKnownFileType = sourcecode.swift; path = PayPalVaultView.swift; sourceTree = "<group>"; };
		3BB60B542B1FA00C00A298CF /* PayPalVaultViewModel.swift */ = {isa = PBXFileReference; lastKnownFileType = sourcecode.swift; path = PayPalVaultViewModel.swift; sourceTree = "<group>"; };
		3BB7A9762A5CA6FD00C05140 /* MerchantIntegration.swift */ = {isa = PBXFileReference; lastKnownFileType = sourcecode.swift; path = MerchantIntegration.swift; sourceTree = "<group>"; };
		3BC622062A97115700251B85 /* RoundedBlueButtonStyle.swift */ = {isa = PBXFileReference; lastKnownFileType = sourcecode.swift; path = RoundedBlueButtonStyle.swift; sourceTree = "<group>"; };
		3BC622082A97198500251B85 /* LeadingText.swift */ = {isa = PBXFileReference; lastKnownFileType = sourcecode.swift; path = LeadingText.swift; sourceTree = "<group>"; };
		3BC6220A2A97204E00251B85 /* CircularProgressView.swift */ = {isa = PBXFileReference; lastKnownFileType = sourcecode.swift; path = CircularProgressView.swift; sourceTree = "<group>"; };
		3BCCFE452A9D47AC00C5102F /* CardExtensions.swift */ = {isa = PBXFileReference; lastKnownFileType = sourcecode.swift; path = CardExtensions.swift; sourceTree = "<group>"; };
		3BCCFE482A9D96CA00C5102F /* DemoApp.swift */ = {isa = PBXFileReference; lastKnownFileType = sourcecode.swift; path = DemoApp.swift; sourceTree = "<group>"; };
		3BCCFE4A2A9D985F00C5102F /* FeatureSelectionView.swift */ = {isa = PBXFileReference; lastKnownFileType = sourcecode.swift; path = FeatureSelectionView.swift; sourceTree = "<group>"; };
		3BDB348D2A7CB02C008100D7 /* CreateSetupTokenParam.swift */ = {isa = PBXFileReference; lastKnownFileType = sourcecode.swift; path = CreateSetupTokenParam.swift; sourceTree = "<group>"; };
		3BDB34912A7CB5DE008100D7 /* CreateSetupTokenResponse.swift */ = {isa = PBXFileReference; lastKnownFileType = sourcecode.swift; path = CreateSetupTokenResponse.swift; sourceTree = "<group>"; };
		3BF999752A8AC093009CBDF2 /* UpdateSetupTokenResultView.swift */ = {isa = PBXFileReference; lastKnownFileType = sourcecode.swift; path = UpdateSetupTokenResultView.swift; sourceTree = "<group>"; };
		3BF999772A8AD072009CBDF2 /* CreatePaymentTokenView.swift */ = {isa = PBXFileReference; lastKnownFileType = sourcecode.swift; path = CreatePaymentTokenView.swift; sourceTree = "<group>"; };
		3BF999792A8AE12C009CBDF2 /* PaymentTokenResultView.swift */ = {isa = PBXFileReference; lastKnownFileType = sourcecode.swift; path = PaymentTokenResultView.swift; sourceTree = "<group>"; };
		5301468B28918B4D00184F22 /* ApprovalResult.swift */ = {isa = PBXFileReference; lastKnownFileType = sourcecode.swift; path = ApprovalResult.swift; sourceTree = "<group>"; };
		536A5CA22898A48C005C053D /* PayPalNativeCheckout.framework */ = {isa = PBXFileReference; explicitFileType = wrapper.framework; path = PayPalNativeCheckout.framework; sourceTree = BUILT_PRODUCTS_DIR; };
		8052E2A229B684A600B33FBC /* PPRiskMagnes.xcframework */ = {isa = PBXFileReference; expectedSignature = "AppleDeveloperProgram:XEZPTDFLAS:changching chi"; lastKnownFileType = wrapper.xcframework; name = PPRiskMagnes.xcframework; path = ../Frameworks/XCFrameworks/PPRiskMagnes.xcframework; sourceTree = "<group>"; };
		805AB84E26B87A87003BEE0D /* PaymentsCore.framework */ = {isa = PBXFileReference; explicitFileType = wrapper.framework; path = PaymentsCore.framework; sourceTree = BUILT_PRODUCTS_DIR; };
		806C7A812C000626000E85E8 /* Demo.entitlements */ = {isa = PBXFileReference; lastKnownFileType = text.plist.entitlements; path = Demo.entitlements; sourceTree = "<group>"; };
		806F1E3526B85367007A60E6 /* Demo.app */ = {isa = PBXFileReference; explicitFileType = wrapper.application; includeInIndex = 0; path = Demo.app; sourceTree = BUILT_PRODUCTS_DIR; };
		806F1E4126B85369007A60E6 /* Assets.xcassets */ = {isa = PBXFileReference; lastKnownFileType = folder.assetcatalog; path = Assets.xcassets; sourceTree = "<group>"; };
		806F1E4626B85369007A60E6 /* Info.plist */ = {isa = PBXFileReference; lastKnownFileType = text.plist.xml; path = Info.plist; sourceTree = "<group>"; };
		80921C1C2710A0720040D76F /* LaunchScreen.storyboard */ = {isa = PBXFileReference; lastKnownFileType = file.storyboard; path = LaunchScreen.storyboard; sourceTree = "<group>"; };
		80DB6F1C26B89DDA00277E54 /* PayPal.framework */ = {isa = PBXFileReference; explicitFileType = wrapper.framework; path = PayPal.framework; sourceTree = BUILT_PRODUCTS_DIR; };
		80F33CE726F8DE29006811B1 /* DemoMerchantAPI.swift */ = {isa = PBXFileReference; lastKnownFileType = sourcecode.swift; path = DemoMerchantAPI.swift; sourceTree = "<group>"; };
		80F33CEC26F8E7A9006811B1 /* Order.swift */ = {isa = PBXFileReference; lastKnownFileType = sourcecode.swift; path = Order.swift; sourceTree = "<group>"; };
		80F33CEE26F8E7CC006811B1 /* CreateOrderParams.swift */ = {isa = PBXFileReference; lastKnownFileType = sourcecode.swift; path = CreateOrderParams.swift; sourceTree = "<group>"; };
		80F33CF226F8EA50006811B1 /* DemoSettings.swift */ = {isa = PBXFileReference; lastKnownFileType = sourcecode.swift; path = DemoSettings.swift; sourceTree = "<group>"; };
		BC6460CC2A12A2A0002B974B /* EmptyBodyParams.swift */ = {isa = PBXFileReference; lastKnownFileType = sourcecode.swift; path = EmptyBodyParams.swift; sourceTree = "<group>"; };
		BC9D4D1527C54F3F0089E5B1 /* DemoUITests.xctest */ = {isa = PBXFileReference; explicitFileType = wrapper.cfbundle; includeInIndex = 0; path = DemoUITests.xctest; sourceTree = BUILT_PRODUCTS_DIR; };
		BC9D4D2127C554090089E5B1 /* LaunchApp.swift */ = {isa = PBXFileReference; lastKnownFileType = sourcecode.swift; path = LaunchApp.swift; sourceTree = "<group>"; };
		BC9D4D2327C58B8D0089E5B1 /* XCUIApplication+Helpers.swift */ = {isa = PBXFileReference; lastKnownFileType = sourcecode.swift; path = "XCUIApplication+Helpers.swift"; sourceTree = "<group>"; };
		BC9D4D2527C6D1720089E5B1 /* XCUIElement+Helpers.swift */ = {isa = PBXFileReference; lastKnownFileType = sourcecode.swift; path = "XCUIElement+Helpers.swift"; sourceTree = "<group>"; };
		BCE8A7ED27EA2B1E00AC301B /* PayPalWebCheckout.framework */ = {isa = PBXFileReference; explicitFileType = wrapper.framework; path = PayPalWebCheckout.framework; sourceTree = BUILT_PRODUCTS_DIR; };
		BE1766B226F911A2007EF438 /* URLResponseError.swift */ = {isa = PBXFileReference; lastKnownFileType = sourcecode.swift; path = URLResponseError.swift; sourceTree = "<group>"; };
		BE1766D826FA7BC8007EF438 /* Settings.bundle */ = {isa = PBXFileReference; lastKnownFileType = "wrapper.plug-in"; path = Settings.bundle; sourceTree = "<group>"; };
		BE420F3628189A7A00D8D66A /* PayPalUI.framework */ = {isa = PBXFileReference; explicitFileType = wrapper.framework; path = PayPalUI.framework; sourceTree = BUILT_PRODUCTS_DIR; };
		BE5898942B2B91F800AA196E /* LabelViewText.swift */ = {isa = PBXFileReference; lastKnownFileType = sourcecode.swift; path = LabelViewText.swift; sourceTree = "<group>"; };
		BE8117632B07E778009867B9 /* PayPalOrderCreateResultView.swift */ = {isa = PBXFileReference; lastKnownFileType = sourcecode.swift; path = PayPalOrderCreateResultView.swift; sourceTree = "<group>"; };
		BE8117672B080472009867B9 /* CurrentState.swift */ = {isa = PBXFileReference; lastKnownFileType = sourcecode.swift; path = CurrentState.swift; sourceTree = "<group>"; };
		BE9F36D72745490400AFC7DA /* FloatingLabelTextField.swift */ = {isa = PBXFileReference; lastKnownFileType = sourcecode.swift; path = FloatingLabelTextField.swift; sourceTree = "<group>"; };
		BECD849F27036DC2007CCAE4 /* Environment.swift */ = {isa = PBXFileReference; lastKnownFileType = sourcecode.swift; path = Environment.swift; sourceTree = "<group>"; };
		BECD84A127036DDB007CCAE4 /* Intent.swift */ = {isa = PBXFileReference; lastKnownFileType = sourcecode.swift; path = Intent.swift; sourceTree = "<group>"; };
		BED042302710833F00C80954 /* CardType.swift */ = {isa = PBXFileReference; lastKnownFileType = sourcecode.swift; path = CardType.swift; sourceTree = "<group>"; };
		BED04232271084DF00C80954 /* CardFormatter.swift */ = {isa = PBXFileReference; lastKnownFileType = sourcecode.swift; path = CardFormatter.swift; sourceTree = "<group>"; };
		CB1AC3B72982AAD70081AED6 /* CardPayments.framework */ = {isa = PBXFileReference; explicitFileType = wrapper.framework; path = CardPayments.framework; sourceTree = BUILT_PRODUCTS_DIR; };
		CB1AC3BA2982BB130081AED6 /* PaymentButtons.framework */ = {isa = PBXFileReference; explicitFileType = wrapper.framework; path = PaymentButtons.framework; sourceTree = BUILT_PRODUCTS_DIR; };
		CB1AC3BF2982C4030081AED6 /* PayPalWebPayments.framework */ = {isa = PBXFileReference; explicitFileType = wrapper.framework; path = PayPalWebPayments.framework; sourceTree = BUILT_PRODUCTS_DIR; };
		CB1AC3C32982DBA10081AED6 /* PayPalNativePayments.framework */ = {isa = PBXFileReference; explicitFileType = wrapper.framework; path = PayPalNativePayments.framework; sourceTree = BUILT_PRODUCTS_DIR; };
		CB1AC3C62982E32D0081AED6 /* FraudProtection.framework */ = {isa = PBXFileReference; explicitFileType = wrapper.framework; path = FraudProtection.framework; sourceTree = BUILT_PRODUCTS_DIR; };
		CB9ED44B283FDA900081F4DE /* PaymentButtonEnums+Extension.swift */ = {isa = PBXFileReference; lastKnownFileType = sourcecode.swift; path = "PaymentButtonEnums+Extension.swift"; sourceTree = "<group>"; };
		CB9ED44D28411B110081F4DE /* SwiftUIPaymentButtonDemo.swift */ = {isa = PBXFileReference; lastKnownFileType = sourcecode.swift; path = SwiftUIPaymentButtonDemo.swift; sourceTree = "<group>"; };
		CBDEEA212989990200A460A6 /* CorePayments.framework */ = {isa = PBXFileReference; explicitFileType = wrapper.framework; path = CorePayments.framework; sourceTree = BUILT_PRODUCTS_DIR; };
/* End PBXFileReference section */

/* Begin PBXFrameworksBuildPhase section */
		806F1E3226B85367007A60E6 /* Frameworks */ = {
			isa = PBXFrameworksBuildPhase;
			buildActionMask = 2147483647;
			files = (
				CB1AC3B82982AAD70081AED6 /* CardPayments.framework in Frameworks */,
				CB1AC3C02982C4030081AED6 /* PayPalWebPayments.framework in Frameworks */,
				CB1AC3BB2982BB130081AED6 /* PaymentButtons.framework in Frameworks */,
				CBDEEA222989990200A460A6 /* CorePayments.framework in Frameworks */,
				8052E2A529B684BA00B33FBC /* PPRiskMagnes.xcframework in Frameworks */,
				CB1AC3C72982E32D0081AED6 /* FraudProtection.framework in Frameworks */,
			);
			runOnlyForDeploymentPostprocessing = 0;
		};
		BC9D4D1227C54F3F0089E5B1 /* Frameworks */ = {
			isa = PBXFrameworksBuildPhase;
			buildActionMask = 2147483647;
			files = (
			);
			runOnlyForDeploymentPostprocessing = 0;
		};
/* End PBXFrameworksBuildPhase section */

/* Begin PBXGroup section */
		1001E2B62CF643270023A03C /* CardVault */ = {
			isa = PBXGroup;
			children = (
				1001E2BD2CF644E00023A03C /* CardVaultViewModel */,
				3B43290F2A8FD7FD00C5441A /* CardVaultViews */,
			);
			path = CardVault;
			sourceTree = "<group>";
		};
		1001E2B72CF6432F0023A03C /* PayPalVault */ = {
			isa = PBXGroup;
			children = (
				1001E2BC2CF644BE0023A03C /* PayPalVaultViewModel */,
				3BB60B512B1F9EE400A298CF /* PayPalVaultViews */,
			);
			path = PayPalVault;
			sourceTree = "<group>";
		};
		1001E2B82CF643350023A03C /* CardPayments */ = {
			isa = PBXGroup;
			children = (
				1001E2BB2CF6449B0023A03C /* CardPaymentViewModel */,
				3BA56FEA2A9DCBB30081D14F /* CardViewComponents */,
			);
			path = CardPayments;
			sourceTree = "<group>";
		};
		1001E2B92CF6433C0023A03C /* PayPalWebPayments */ = {
			isa = PBXGroup;
			children = (
				1001E2BA2CF644480023A03C /* PayPalWebViewModel */,
				3BA56FFF2A9FF6630081D14F /* PayPalWebPaymentsView */,
			);
			path = PayPalWebPayments;
			sourceTree = "<group>";
		};
		1001E2BA2CF644480023A03C /* PayPalWebViewModel */ = {
			isa = PBXGroup;
			children = (
				3BA56FFB2A9FEFE90081D14F /* PayPalWebViewModel.swift */,
				1001E2C02CFFC72E0023A03C /* PayPalPaymentState.swift */,
			);
			path = PayPalWebViewModel;
			sourceTree = "<group>";
		};
		1001E2BB2CF6449B0023A03C /* CardPaymentViewModel */ = {
			isa = PBXGroup;
			children = (
				3BA56FE62A9DC9D70081D14F /* CardPaymentViewModel.swift */,
				3BA56FE82A9DCA520081D14F /* CardPaymentState.swift */,
			);
			path = CardPaymentViewModel;
			sourceTree = "<group>";
		};
		1001E2BC2CF644BE0023A03C /* PayPalVaultViewModel */ = {
			isa = PBXGroup;
			children = (
				3BB60B542B1FA00C00A298CF /* PayPalVaultViewModel.swift */,
			);
			path = PayPalVaultViewModel;
			sourceTree = "<group>";
		};
		1001E2BD2CF644E00023A03C /* CardVaultViewModel */ = {
			isa = PBXGroup;
			children = (
				3B20273E2A89F24E0007907E /* CardVaultViewModel.swift */,
			);
			path = CardVaultViewModel;
			sourceTree = "<group>";
		};
		1001E2BE2CF6548E0023A03C /* VaultViewModel */ = {
			isa = PBXGroup;
			children = (
				3BA0A58A2B1E240300330681 /* VaultViewModel.swift */,
				3B2027402A8A72050007907E /* VaultState.swift */,
			);
			path = VaultViewModel;
			sourceTree = "<group>";
		};
		1001E2BF2CF6590E0023A03C /* Vault */ = {
			isa = PBXGroup;
			children = (
				1001E2BE2CF6548E0023A03C /* VaultViewModel */,
				3B2501052B2679F000903EAB /* VaultViews */,
			);
			path = Vault;
			sourceTree = "<group>";
		};
		1001E2CB2D03836D0023A03C /* PayPalWebResultViews */ = {
			isa = PBXGroup;
			children = (
				BE8117632B07E778009867B9 /* PayPalOrderCreateResultView.swift */,
				1001E2C42CFFD2800023A03C /* PayPalApprovalResultView.swift */,
				3B6472A62AFAEB3A004745C4 /* PayPalWebTransactionView.swift */,
				1001E2C62CFFD2A20023A03C /* PayPalOrderCompletionResultView.swift */,
			);
			path = PayPalWebResultViews;
			sourceTree = "<group>";
		};
		1001E2CD2D0B5A6B0023A03C /* CardPaymentsResultViews */ = {
			isa = PBXGroup;
			children = (
				3BA56FED2A9DCC340081D14F /* OrderCreateCardResultView.swift */,
				3BA56FF12A9DCD440081D14F /* CardApprovalResultView.swift */,
				3BA56FF92A9FE4180081D14F /* CardOrderCompletionResultView.swift */,
			);
			path = CardPaymentsResultViews;
			sourceTree = "<group>";
		};
		3B2501052B2679F000903EAB /* VaultViews */ = {
			isa = PBXGroup;
			children = (
				3B20273C2A89E3F00007907E /* CreateSetupTokenView.swift */,
				3B2027422A8A95EF0007907E /* SetupTokenResultView.swift */,
				3BF999772A8AD072009CBDF2 /* CreatePaymentTokenView.swift */,
				3BF999792A8AE12C009CBDF2 /* PaymentTokenResultView.swift */,
			);
			path = VaultViews;
			sourceTree = "<group>";
		};
		3B43290F2A8FD7FD00C5441A /* CardVaultViews */ = {
			isa = PBXGroup;
			children = (
				3B4DD99F2A892A7000F4A716 /* CardVaultView.swift */,
				3B2027442A8AA78B0007907E /* UpdateSetupTokenView.swift */,
				3BF999752A8AC093009CBDF2 /* UpdateSetupTokenResultView.swift */,
			);
			path = CardVaultViews;
			sourceTree = "<group>";
		};
		3BA56FEA2A9DCBB30081D14F /* CardViewComponents */ = {
			isa = PBXGroup;
			children = (
				1001E2CD2D0B5A6B0023A03C /* CardPaymentsResultViews */,
				3BA56FEB2A9DCBF30081D14F /* CreateOrderCardPaymentView.swift */,
				3BA56FF72A9FDB5A0081D14F /* CardPaymentOrderCompletionView.swift */,
				3BA56FF52A9E9AAB0081D14F /* CardOrderActionButton.swift */,
				3BA56FEF2A9DCCFD0081D14F /* CardOrderApproveView.swift */,
				3BA56FF32A9DCD790081D14F /* CardPaymentView.swift */,
			);
			path = CardViewComponents;
			sourceTree = "<group>";
		};
		3BA56FFF2A9FF6630081D14F /* PayPalWebPaymentsView */ = {
			isa = PBXGroup;
			children = (
				1001E2CB2D03836D0023A03C /* PayPalWebResultViews */,
				3BA570002AA052E80081D14F /* PayPalWebPaymentsView.swift */,
				3BA570062AA0DF330081D14F /* PayPalWebButtonsView.swift */,
				3BA570022AA053AE0081D14F /* PayPalWebCreateOrderView.swift */,
			);
			path = PayPalWebPaymentsView;
			sourceTree = "<group>";
		};
		3BB60B512B1F9EE400A298CF /* PayPalVaultViews */ = {
			isa = PBXGroup;
			children = (
				3BB60B522B1F9F1100A298CF /* PayPalVaultView.swift */,
				3B3C51132B20F7CE009125FE /* PayPalVaultResultView.swift */,
			);
			path = PayPalVaultViews;
			sourceTree = "<group>";
		};
		3BCCFE472A9D962E00C5102F /* CommonComponents */ = {
			isa = PBXGroup;
			children = (
				3B4DD9A12A8982B000F4A716 /* CardFormView.swift */,
				3B8EF4DA2A932DA300A70D0B /* ErrorView.swift */,
				3BC622062A97115700251B85 /* RoundedBlueButtonStyle.swift */,
				BE9F36D72745490400AFC7DA /* FloatingLabelTextField.swift */,
				3BC6220A2A97204E00251B85 /* CircularProgressView.swift */,
				3BC622082A97198500251B85 /* LeadingText.swift */,
				3BA5700A2AA13C1C0081D14F /* CoreConfigManager.swift */,
				BE5898942B2B91F800AA196E /* LabelViewText.swift */,
			);
			path = CommonComponents;
			sourceTree = "<group>";
		};
		805AB84C26B87A87003BEE0D /* Frameworks */ = {
			isa = PBXGroup;
			children = (
				8052E2A229B684A600B33FBC /* PPRiskMagnes.xcframework */,
				CBDEEA212989990200A460A6 /* CorePayments.framework */,
				CB1AC3C62982E32D0081AED6 /* FraudProtection.framework */,
				CB1AC3C32982DBA10081AED6 /* PayPalNativePayments.framework */,
				CB1AC3BF2982C4030081AED6 /* PayPalWebPayments.framework */,
				CB1AC3BA2982BB130081AED6 /* PaymentButtons.framework */,
				CB1AC3B72982AAD70081AED6 /* CardPayments.framework */,
				536A5CA22898A48C005C053D /* PayPalNativeCheckout.framework */,
				BE420F3628189A7A00D8D66A /* PayPalUI.framework */,
				BCE8A7ED27EA2B1E00AC301B /* PayPalWebCheckout.framework */,
				80DB6F1C26B89DDA00277E54 /* PayPal.framework */,
				805AB84E26B87A87003BEE0D /* PaymentsCore.framework */,
			);
			name = Frameworks;
			sourceTree = "<group>";
		};
		806F1E2C26B85367007A60E6 = {
			isa = PBXGroup;
			children = (
				806F1E3726B85367007A60E6 /* Demo */,
				BC9D4D1627C54F3F0089E5B1 /* DemoUITests */,
				805AB84C26B87A87003BEE0D /* Frameworks */,
				806F1E3626B85367007A60E6 /* Products */,
				BE1766D826FA7BC8007EF438 /* Settings.bundle */,
			);
			sourceTree = "<group>";
		};
		806F1E3626B85367007A60E6 /* Products */ = {
			isa = PBXGroup;
			children = (
				806F1E3526B85367007A60E6 /* Demo.app */,
				BC9D4D1527C54F3F0089E5B1 /* DemoUITests.xctest */,
			);
			name = Products;
			sourceTree = "<group>";
		};
		806F1E3726B85367007A60E6 /* Demo */ = {
			isa = PBXGroup;
			children = (
				1001E2BF2CF6590E0023A03C /* Vault */,
				1001E2B92CF6433C0023A03C /* PayPalWebPayments */,
				1001E2B72CF6432F0023A03C /* PayPalVault */,
				1001E2B82CF643350023A03C /* CardPayments */,
				1001E2B62CF643270023A03C /* CardVault */,
				806C7A812C000626000E85E8 /* Demo.entitlements */,
				806F1E4126B85369007A60E6 /* Assets.xcassets */,
				BED0422F2710833100C80954 /* Card */,
				BECD849E27036D95007CCAE4 /* DemoSettings */,
				BEDE3048275EA31800D275FD /* Extensions */,
				806F1E4626B85369007A60E6 /* Info.plist */,
				80921C1C2710A0720040D76F /* LaunchScreen.storyboard */,
				80F33CEB26F8E799006811B1 /* Models */,
				BE1766B526FA562B007EF438 /* Networking */,
				BEDE3047275E998700D275FD /* SwiftUIComponents */,
				3BCCFE482A9D96CA00C5102F /* DemoApp.swift */,
			);
			path = Demo;
			sourceTree = "<group>";
		};
		80F33CEB26F8E799006811B1 /* Models */ = {
			isa = PBXGroup;
			children = (
				5301468B28918B4D00184F22 /* ApprovalResult.swift */,
				3B80D50D2A291C0800D2EAC4 /* ClientIDRequest.swift */,
				3B80D50F2A291CB100D2EAC4 /* ClientIDResponse.swift */,
				80F33CEE26F8E7CC006811B1 /* CreateOrderParams.swift */,
				BC6460CC2A12A2A0002B974B /* EmptyBodyParams.swift */,
				80F33CEC26F8E7A9006811B1 /* Order.swift */,
				3BDB348D2A7CB02C008100D7 /* CreateSetupTokenParam.swift */,
				3BDB34912A7CB5DE008100D7 /* CreateSetupTokenResponse.swift */,
				3B22E8B92A842D8900962E34 /* PaymentTokenParam.swift */,
				3B22E8BB2A84397600962E34 /* PaymentTokenResponse.swift */,
			);
			path = Models;
			sourceTree = "<group>";
		};
		BC9D4D1627C54F3F0089E5B1 /* DemoUITests */ = {
			isa = PBXGroup;
			children = (
				BC9D4D2027C553F30089E5B1 /* Helpers */,
			);
			path = DemoUITests;
			sourceTree = "<group>";
		};
		BC9D4D2027C553F30089E5B1 /* Helpers */ = {
			isa = PBXGroup;
			children = (
				BC9D4D2127C554090089E5B1 /* LaunchApp.swift */,
				BC9D4D2327C58B8D0089E5B1 /* XCUIApplication+Helpers.swift */,
				BC9D4D2527C6D1720089E5B1 /* XCUIElement+Helpers.swift */,
			);
			path = Helpers;
			sourceTree = "<group>";
		};
		BE1766B526FA562B007EF438 /* Networking */ = {
			isa = PBXGroup;
			children = (
				80F33CE726F8DE29006811B1 /* DemoMerchantAPI.swift */,
				BE1766B226F911A2007EF438 /* URLResponseError.swift */,
				3BB7A9762A5CA6FD00C05140 /* MerchantIntegration.swift */,
			);
			path = Networking;
			sourceTree = "<group>";
		};
		BECD849E27036D95007CCAE4 /* DemoSettings */ = {
			isa = PBXGroup;
			children = (
				80F33CF226F8EA50006811B1 /* DemoSettings.swift */,
				BECD849F27036DC2007CCAE4 /* Environment.swift */,
				BECD84A127036DDB007CCAE4 /* Intent.swift */,
			);
			path = DemoSettings;
			sourceTree = "<group>";
		};
		BED0422F2710833100C80954 /* Card */ = {
			isa = PBXGroup;
			children = (
				BED042302710833F00C80954 /* CardType.swift */,
				BED04232271084DF00C80954 /* CardFormatter.swift */,
			);
			path = Card;
			sourceTree = "<group>";
		};
		BEDE3047275E998700D275FD /* SwiftUIComponents */ = {
			isa = PBXGroup;
			children = (
				3BCCFE472A9D962E00C5102F /* CommonComponents */,
				CB9ED44D28411B110081F4DE /* SwiftUIPaymentButtonDemo.swift */,
				3BCCFE4A2A9D985F00C5102F /* FeatureSelectionView.swift */,
				BE8117672B080472009867B9 /* CurrentState.swift */,
			);
			path = SwiftUIComponents;
			sourceTree = "<group>";
		};
		BEDE3048275EA31800D275FD /* Extensions */ = {
			isa = PBXGroup;
			children = (
				CB9ED44B283FDA900081F4DE /* PaymentButtonEnums+Extension.swift */,
				3BCCFE452A9D47AC00C5102F /* CardExtensions.swift */,
			);
			path = Extensions;
			sourceTree = "<group>";
		};
/* End PBXGroup section */

/* Begin PBXNativeTarget section */
		806F1E3426B85367007A60E6 /* Demo */ = {
			isa = PBXNativeTarget;
			buildConfigurationList = 806F1E4926B85369007A60E6 /* Build configuration list for PBXNativeTarget "Demo" */;
			buildPhases = (
				806F1E3126B85367007A60E6 /* Sources */,
				806F1E3226B85367007A60E6 /* Frameworks */,
				806F1E3326B85367007A60E6 /* Resources */,
				805AB85626B87A87003BEE0D /* Embed Frameworks */,
			);
			buildRules = (
			);
			dependencies = (
			);
			name = Demo;
			packageProductDependencies = (
			);
			productName = Demo;
			productReference = 806F1E3526B85367007A60E6 /* Demo.app */;
			productType = "com.apple.product-type.application";
		};
		BC9D4D1427C54F3F0089E5B1 /* DemoUITests */ = {
			isa = PBXNativeTarget;
			buildConfigurationList = BC9D4D1F27C54F3F0089E5B1 /* Build configuration list for PBXNativeTarget "DemoUITests" */;
			buildPhases = (
				BC9D4D1127C54F3F0089E5B1 /* Sources */,
				BC9D4D1227C54F3F0089E5B1 /* Frameworks */,
				BC9D4D1327C54F3F0089E5B1 /* Resources */,
			);
			buildRules = (
			);
			dependencies = (
				BC9D4D1C27C54F3F0089E5B1 /* PBXTargetDependency */,
			);
			name = DemoUITests;
			productName = DemoUITests;
			productReference = BC9D4D1527C54F3F0089E5B1 /* DemoUITests.xctest */;
			productType = "com.apple.product-type.bundle.ui-testing";
		};
/* End PBXNativeTarget section */

/* Begin PBXProject section */
		806F1E2D26B85367007A60E6 /* Project object */ = {
			isa = PBXProject;
			attributes = {
				BuildIndependentTargetsInParallel = 1;
				LastSwiftUpdateCheck = 1320;
				LastUpgradeCheck = 1300;
				TargetAttributes = {
					806F1E3426B85367007A60E6 = {
						CreatedOnToolsVersion = 13.0;
					};
					BC9D4D1427C54F3F0089E5B1 = {
						CreatedOnToolsVersion = 13.2.1;
						TestTargetID = 806F1E3426B85367007A60E6;
					};
				};
			};
			buildConfigurationList = 806F1E3026B85367007A60E6 /* Build configuration list for PBXProject "Demo" */;
			compatibilityVersion = "Xcode 13.0";
			developmentRegion = en;
			hasScannedForEncodings = 0;
			knownRegions = (
				en,
				Base,
			);
			mainGroup = 806F1E2C26B85367007A60E6;
			packageReferences = (
			);
			productRefGroup = 806F1E3626B85367007A60E6 /* Products */;
			projectDirPath = "";
			projectRoot = "";
			targets = (
				806F1E3426B85367007A60E6 /* Demo */,
				BC9D4D1427C54F3F0089E5B1 /* DemoUITests */,
			);
		};
/* End PBXProject section */

/* Begin PBXResourcesBuildPhase section */
		806F1E3326B85367007A60E6 /* Resources */ = {
			isa = PBXResourcesBuildPhase;
			buildActionMask = 2147483647;
			files = (
				80921C1D2710A0720040D76F /* LaunchScreen.storyboard in Resources */,
				BE1766D926FA7BC8007EF438 /* Settings.bundle in Resources */,
				806F1E4226B85369007A60E6 /* Assets.xcassets in Resources */,
			);
			runOnlyForDeploymentPostprocessing = 0;
		};
		BC9D4D1327C54F3F0089E5B1 /* Resources */ = {
			isa = PBXResourcesBuildPhase;
			buildActionMask = 2147483647;
			files = (
			);
			runOnlyForDeploymentPostprocessing = 0;
		};
/* End PBXResourcesBuildPhase section */

/* Begin PBXSourcesBuildPhase section */
		806F1E3126B85367007A60E6 /* Sources */ = {
			isa = PBXSourcesBuildPhase;
			buildActionMask = 2147483647;
			files = (
				3BA56FE92A9DCA520081D14F /* CardPaymentState.swift in Sources */,
				3B2027412A8A72050007907E /* VaultState.swift in Sources */,
				80F33CED26F8E7A9006811B1 /* Order.swift in Sources */,
				3B4DD9A02A892A7000F4A716 /* CardVaultView.swift in Sources */,
				BE8117642B07E778009867B9 /* PayPalOrderCreateResultView.swift in Sources */,
				3BA56FF62A9E9AAB0081D14F /* CardOrderActionButton.swift in Sources */,
				3BC622092A97198500251B85 /* LeadingText.swift in Sources */,
				3B80D5102A291CB100D2EAC4 /* ClientIDResponse.swift in Sources */,
				3BCCFE462A9D47AC00C5102F /* CardExtensions.swift in Sources */,
				BE5898952B2B91F800AA196E /* LabelViewText.swift in Sources */,
				3BC622072A97115700251B85 /* RoundedBlueButtonStyle.swift in Sources */,
				3B4DD9A22A8982B000F4A716 /* CardFormView.swift in Sources */,
				BED04233271084DF00C80954 /* CardFormatter.swift in Sources */,
				CB9ED44E28411B120081F4DE /* SwiftUIPaymentButtonDemo.swift in Sources */,
				3BA570032AA053AE0081D14F /* PayPalWebCreateOrderView.swift in Sources */,
				3B22E8BC2A84397600962E34 /* PaymentTokenResponse.swift in Sources */,
				3B2027432A8A95EF0007907E /* SetupTokenResultView.swift in Sources */,
				3BF999762A8AC093009CBDF2 /* UpdateSetupTokenResultView.swift in Sources */,
				BECD84A027036DC2007CCAE4 /* Environment.swift in Sources */,
				1001E2C12CFFC72E0023A03C /* PayPalPaymentState.swift in Sources */,
				3BCCFE4B2A9D985F00C5102F /* FeatureSelectionView.swift in Sources */,
				CB9ED44C283FDA900081F4DE /* PaymentButtonEnums+Extension.swift in Sources */,
				3BB60B552B1FA00C00A298CF /* PayPalVaultViewModel.swift in Sources */,
				3BB60B532B1F9F1100A298CF /* PayPalVaultView.swift in Sources */,
				3B80D50E2A291C0800D2EAC4 /* ClientIDRequest.swift in Sources */,
				3BA56FF02A9DCCFD0081D14F /* CardOrderApproveView.swift in Sources */,
				BE8117682B080472009867B9 /* CurrentState.swift in Sources */,
				1001E2C72CFFD2A30023A03C /* PayPalOrderCompletionResultView.swift in Sources */,
				3BDB348E2A7CB02C008100D7 /* CreateSetupTokenParam.swift in Sources */,
				3BA0A58B2B1E240300330681 /* VaultViewModel.swift in Sources */,
				80F33CF326F8EA50006811B1 /* DemoSettings.swift in Sources */,
				3BA56FE72A9DC9D70081D14F /* CardPaymentViewModel.swift in Sources */,
				1001E2C52CFFD2800023A03C /* PayPalApprovalResultView.swift in Sources */,
				3BA5700B2AA13C1C0081D14F /* CoreConfigManager.swift in Sources */,
				80F33CE826F8DE29006811B1 /* DemoMerchantAPI.swift in Sources */,
				80F33CEF26F8E7CC006811B1 /* CreateOrderParams.swift in Sources */,
				BECD84A227036DDB007CCAE4 /* Intent.swift in Sources */,
				3BB7A9772A5CA6FD00C05140 /* MerchantIntegration.swift in Sources */,
				3BA56FEE2A9DCC340081D14F /* OrderCreateCardResultView.swift in Sources */,
				BE1766B326F911A2007EF438 /* URLResponseError.swift in Sources */,
				3B2027452A8AA78B0007907E /* UpdateSetupTokenView.swift in Sources */,
				3BA56FF82A9FDB5A0081D14F /* CardPaymentOrderCompletionView.swift in Sources */,
				3B8EF4DB2A932DA300A70D0B /* ErrorView.swift in Sources */,
				3BF9997A2A8AE12C009CBDF2 /* PaymentTokenResultView.swift in Sources */,
				3BA56FFC2A9FEFE90081D14F /* PayPalWebViewModel.swift in Sources */,
				3BDB34922A7CB5DE008100D7 /* CreateSetupTokenResponse.swift in Sources */,
				3BA56FF22A9DCD440081D14F /* CardApprovalResultView.swift in Sources */,
				3B3C51142B20F7CE009125FE /* PayPalVaultResultView.swift in Sources */,
				3BA570012AA052E80081D14F /* PayPalWebPaymentsView.swift in Sources */,
				3BA56FFA2A9FE4180081D14F /* CardOrderCompletionResultView.swift in Sources */,
				3BA56FF42A9DCD790081D14F /* CardPaymentView.swift in Sources */,
				BE9F36D82745490400AFC7DA /* FloatingLabelTextField.swift in Sources */,
				3B20273D2A89E3F00007907E /* CreateSetupTokenView.swift in Sources */,
				3B22E8BA2A842D8900962E34 /* PaymentTokenParam.swift in Sources */,
				3BA570072AA0DF330081D14F /* PayPalWebButtonsView.swift in Sources */,
				3BCCFE492A9D96CA00C5102F /* DemoApp.swift in Sources */,
				3BA56FEC2A9DCBF30081D14F /* CreateOrderCardPaymentView.swift in Sources */,
				3B20273F2A89F24E0007907E /* CardVaultViewModel.swift in Sources */,
				BC6460CD2A12A2A0002B974B /* EmptyBodyParams.swift in Sources */,
				3BF999782A8AD072009CBDF2 /* CreatePaymentTokenView.swift in Sources */,
				BED042312710833F00C80954 /* CardType.swift in Sources */,
				3B6472A72AFAEB3A004745C4 /* PayPalWebTransactionView.swift in Sources */,
				5301468C28918B4D00184F22 /* ApprovalResult.swift in Sources */,
				3BC6220B2A97204E00251B85 /* CircularProgressView.swift in Sources */,
			);
			runOnlyForDeploymentPostprocessing = 0;
		};
		BC9D4D1127C54F3F0089E5B1 /* Sources */ = {
			isa = PBXSourcesBuildPhase;
			buildActionMask = 2147483647;
			files = (
				BC9D4D2227C554090089E5B1 /* LaunchApp.swift in Sources */,
				BC9D4D2427C58B8D0089E5B1 /* XCUIApplication+Helpers.swift in Sources */,
				BC9D4D2627C6D1720089E5B1 /* XCUIElement+Helpers.swift in Sources */,
			);
			runOnlyForDeploymentPostprocessing = 0;
		};
/* End PBXSourcesBuildPhase section */

/* Begin PBXTargetDependency section */
		BC9D4D1C27C54F3F0089E5B1 /* PBXTargetDependency */ = {
			isa = PBXTargetDependency;
			target = 806F1E3426B85367007A60E6 /* Demo */;
			targetProxy = BC9D4D1B27C54F3F0089E5B1 /* PBXContainerItemProxy */;
		};
/* End PBXTargetDependency section */

/* Begin XCBuildConfiguration section */
		806F1E4726B85369007A60E6 /* Debug */ = {
			isa = XCBuildConfiguration;
			buildSettings = {
				ALWAYS_SEARCH_USER_PATHS = NO;
				CLANG_ANALYZER_NONNULL = YES;
				CLANG_ANALYZER_NUMBER_OBJECT_CONVERSION = YES_AGGRESSIVE;
				CLANG_CXX_LANGUAGE_STANDARD = "gnu++17";
				CLANG_CXX_LIBRARY = "libc++";
				CLANG_ENABLE_MODULES = YES;
				CLANG_ENABLE_OBJC_ARC = YES;
				CLANG_ENABLE_OBJC_WEAK = YES;
				CLANG_WARN_BLOCK_CAPTURE_AUTORELEASING = YES;
				CLANG_WARN_BOOL_CONVERSION = YES;
				CLANG_WARN_COMMA = YES;
				CLANG_WARN_CONSTANT_CONVERSION = YES;
				CLANG_WARN_DEPRECATED_OBJC_IMPLEMENTATIONS = YES;
				CLANG_WARN_DIRECT_OBJC_ISA_USAGE = YES_ERROR;
				CLANG_WARN_DOCUMENTATION_COMMENTS = YES;
				CLANG_WARN_EMPTY_BODY = YES;
				CLANG_WARN_ENUM_CONVERSION = YES;
				CLANG_WARN_INFINITE_RECURSION = YES;
				CLANG_WARN_INT_CONVERSION = YES;
				CLANG_WARN_NON_LITERAL_NULL_CONVERSION = YES;
				CLANG_WARN_OBJC_IMPLICIT_RETAIN_SELF = YES;
				CLANG_WARN_OBJC_LITERAL_CONVERSION = YES;
				CLANG_WARN_OBJC_ROOT_CLASS = YES_ERROR;
				CLANG_WARN_QUOTED_INCLUDE_IN_FRAMEWORK_HEADER = YES;
				CLANG_WARN_RANGE_LOOP_ANALYSIS = YES;
				CLANG_WARN_STRICT_PROTOTYPES = YES;
				CLANG_WARN_SUSPICIOUS_MOVE = YES;
				CLANG_WARN_UNGUARDED_AVAILABILITY = YES_AGGRESSIVE;
				CLANG_WARN_UNREACHABLE_CODE = YES;
				CLANG_WARN__DUPLICATE_METHOD_MATCH = YES;
				COPY_PHASE_STRIP = NO;
				DEBUG_INFORMATION_FORMAT = dwarf;
				ENABLE_STRICT_OBJC_MSGSEND = YES;
				ENABLE_TESTABILITY = YES;
				GCC_C_LANGUAGE_STANDARD = gnu11;
				GCC_DYNAMIC_NO_PIC = NO;
				GCC_NO_COMMON_BLOCKS = YES;
				GCC_OPTIMIZATION_LEVEL = 0;
				GCC_PREPROCESSOR_DEFINITIONS = (
					"DEBUG=1",
					"$(inherited)",
				);
				GCC_WARN_64_TO_32_BIT_CONVERSION = YES;
				GCC_WARN_ABOUT_RETURN_TYPE = YES_ERROR;
				GCC_WARN_UNDECLARED_SELECTOR = YES;
				GCC_WARN_UNINITIALIZED_AUTOS = YES_AGGRESSIVE;
				GCC_WARN_UNUSED_FUNCTION = YES;
				GCC_WARN_UNUSED_VARIABLE = YES;
				IPHONEOS_DEPLOYMENT_TARGET = 15.0;
				MTL_ENABLE_DEBUG_INFO = INCLUDE_SOURCE;
				MTL_FAST_MATH = YES;
				ONLY_ACTIVE_ARCH = YES;
				SDKROOT = iphoneos;
				SWIFT_ACTIVE_COMPILATION_CONDITIONS = DEBUG;
				SWIFT_OPTIMIZATION_LEVEL = "-Onone";
			};
			name = Debug;
		};
		806F1E4826B85369007A60E6 /* Release */ = {
			isa = XCBuildConfiguration;
			buildSettings = {
				ALWAYS_SEARCH_USER_PATHS = NO;
				CLANG_ANALYZER_NONNULL = YES;
				CLANG_ANALYZER_NUMBER_OBJECT_CONVERSION = YES_AGGRESSIVE;
				CLANG_CXX_LANGUAGE_STANDARD = "gnu++17";
				CLANG_CXX_LIBRARY = "libc++";
				CLANG_ENABLE_MODULES = YES;
				CLANG_ENABLE_OBJC_ARC = YES;
				CLANG_ENABLE_OBJC_WEAK = YES;
				CLANG_WARN_BLOCK_CAPTURE_AUTORELEASING = YES;
				CLANG_WARN_BOOL_CONVERSION = YES;
				CLANG_WARN_COMMA = YES;
				CLANG_WARN_CONSTANT_CONVERSION = YES;
				CLANG_WARN_DEPRECATED_OBJC_IMPLEMENTATIONS = YES;
				CLANG_WARN_DIRECT_OBJC_ISA_USAGE = YES_ERROR;
				CLANG_WARN_DOCUMENTATION_COMMENTS = YES;
				CLANG_WARN_EMPTY_BODY = YES;
				CLANG_WARN_ENUM_CONVERSION = YES;
				CLANG_WARN_INFINITE_RECURSION = YES;
				CLANG_WARN_INT_CONVERSION = YES;
				CLANG_WARN_NON_LITERAL_NULL_CONVERSION = YES;
				CLANG_WARN_OBJC_IMPLICIT_RETAIN_SELF = YES;
				CLANG_WARN_OBJC_LITERAL_CONVERSION = YES;
				CLANG_WARN_OBJC_ROOT_CLASS = YES_ERROR;
				CLANG_WARN_QUOTED_INCLUDE_IN_FRAMEWORK_HEADER = YES;
				CLANG_WARN_RANGE_LOOP_ANALYSIS = YES;
				CLANG_WARN_STRICT_PROTOTYPES = YES;
				CLANG_WARN_SUSPICIOUS_MOVE = YES;
				CLANG_WARN_UNGUARDED_AVAILABILITY = YES_AGGRESSIVE;
				CLANG_WARN_UNREACHABLE_CODE = YES;
				CLANG_WARN__DUPLICATE_METHOD_MATCH = YES;
				COPY_PHASE_STRIP = NO;
				DEBUG_INFORMATION_FORMAT = "dwarf-with-dsym";
				ENABLE_NS_ASSERTIONS = NO;
				ENABLE_STRICT_OBJC_MSGSEND = YES;
				GCC_C_LANGUAGE_STANDARD = gnu11;
				GCC_NO_COMMON_BLOCKS = YES;
				GCC_WARN_64_TO_32_BIT_CONVERSION = YES;
				GCC_WARN_ABOUT_RETURN_TYPE = YES_ERROR;
				GCC_WARN_UNDECLARED_SELECTOR = YES;
				GCC_WARN_UNINITIALIZED_AUTOS = YES_AGGRESSIVE;
				GCC_WARN_UNUSED_FUNCTION = YES;
				GCC_WARN_UNUSED_VARIABLE = YES;
				IPHONEOS_DEPLOYMENT_TARGET = 15.0;
				MTL_ENABLE_DEBUG_INFO = NO;
				MTL_FAST_MATH = YES;
				SDKROOT = iphoneos;
				SWIFT_COMPILATION_MODE = wholemodule;
				SWIFT_OPTIMIZATION_LEVEL = "-O";
				VALIDATE_PRODUCT = YES;
			};
			name = Release;
		};
		806F1E4A26B85369007A60E6 /* Debug */ = {
			isa = XCBuildConfiguration;
			buildSettings = {
				ASSETCATALOG_COMPILER_APPICON_NAME = AppIcon;
				ASSETCATALOG_COMPILER_GLOBAL_ACCENT_COLOR_NAME = AccentColor;
				CODE_SIGN_ENTITLEMENTS = Demo/Demo.entitlements;
				CODE_SIGN_STYLE = Automatic;
				CURRENT_PROJECT_VERSION = 1;
				DEVELOPMENT_TEAM = 43253H4X22;
				GENERATE_INFOPLIST_FILE = YES;
				INFOPLIST_FILE = Demo/Info.plist;
				INFOPLIST_KEY_CFBundleDisplayName = "SDK Demo";
				INFOPLIST_KEY_UIApplicationSupportsIndirectInputEvents = YES;
				INFOPLIST_KEY_UILaunchStoryboardName = LaunchScreen;
				INFOPLIST_KEY_UISupportedInterfaceOrientations = UIInterfaceOrientationPortrait;
				INFOPLIST_KEY_UISupportedInterfaceOrientations_iPad = "UIInterfaceOrientationPortrait UIInterfaceOrientationPortraitUpsideDown UIInterfaceOrientationLandscapeLeft UIInterfaceOrientationLandscapeRight";
				INFOPLIST_KEY_UISupportedInterfaceOrientations_iPhone = UIInterfaceOrientationPortrait;
				INFOPLIST_KEY_UIUserInterfaceStyle = Light;
				LD_RUNPATH_SEARCH_PATHS = (
					"$(inherited)",
					"@executable_path/Frameworks",
				);
				MARKETING_VERSION = 1.0;
				PRODUCT_BUNDLE_IDENTIFIER = com.paypal.ios.Demo;
				PRODUCT_NAME = "$(TARGET_NAME)";
				SWIFT_EMIT_LOC_STRINGS = YES;
				SWIFT_VERSION = 5.0;
				TARGETED_DEVICE_FAMILY = "1,2";
			};
			name = Debug;
		};
		806F1E4B26B85369007A60E6 /* Release */ = {
			isa = XCBuildConfiguration;
			buildSettings = {
				ASSETCATALOG_COMPILER_APPICON_NAME = AppIcon;
				ASSETCATALOG_COMPILER_GLOBAL_ACCENT_COLOR_NAME = AccentColor;
				CODE_SIGN_ENTITLEMENTS = Demo/Demo.entitlements;
				CODE_SIGN_STYLE = Automatic;
				CURRENT_PROJECT_VERSION = 1;
				DEVELOPMENT_TEAM = 43253H4X22;
				GENERATE_INFOPLIST_FILE = YES;
				INFOPLIST_FILE = Demo/Info.plist;
				INFOPLIST_KEY_CFBundleDisplayName = "SDK Demo";
				INFOPLIST_KEY_UIApplicationSupportsIndirectInputEvents = YES;
				INFOPLIST_KEY_UILaunchStoryboardName = LaunchScreen;
				INFOPLIST_KEY_UISupportedInterfaceOrientations = UIInterfaceOrientationPortrait;
				INFOPLIST_KEY_UISupportedInterfaceOrientations_iPad = "UIInterfaceOrientationPortrait UIInterfaceOrientationPortraitUpsideDown UIInterfaceOrientationLandscapeLeft UIInterfaceOrientationLandscapeRight";
				INFOPLIST_KEY_UISupportedInterfaceOrientations_iPhone = UIInterfaceOrientationPortrait;
				INFOPLIST_KEY_UIUserInterfaceStyle = Light;
				LD_RUNPATH_SEARCH_PATHS = (
					"$(inherited)",
					"@executable_path/Frameworks",
				);
				MARKETING_VERSION = 1.0;
				PRODUCT_BUNDLE_IDENTIFIER = com.paypal.ios.Demo;
				PRODUCT_NAME = "$(TARGET_NAME)";
				SWIFT_EMIT_LOC_STRINGS = YES;
				SWIFT_VERSION = 5.0;
				TARGETED_DEVICE_FAMILY = "1,2";
			};
			name = Release;
		};
		BC9D4D1D27C54F3F0089E5B1 /* Debug */ = {
			isa = XCBuildConfiguration;
			buildSettings = {
				CODE_SIGN_STYLE = Automatic;
				CURRENT_PROJECT_VERSION = 1;
				GENERATE_INFOPLIST_FILE = YES;
				IPHONEOS_DEPLOYMENT_TARGET = 15.2;
				MARKETING_VERSION = 1.0;
				PRODUCT_BUNDLE_IDENTIFIER = "com.paypal.ios-sdk.DemoUITests";
				PRODUCT_NAME = "$(TARGET_NAME)";
				SWIFT_EMIT_LOC_STRINGS = NO;
				SWIFT_VERSION = 5.0;
				TARGETED_DEVICE_FAMILY = "1,2";
				TEST_TARGET_NAME = Demo;
			};
			name = Debug;
		};
		BC9D4D1E27C54F3F0089E5B1 /* Release */ = {
			isa = XCBuildConfiguration;
			buildSettings = {
				CODE_SIGN_STYLE = Automatic;
				CURRENT_PROJECT_VERSION = 1;
				GENERATE_INFOPLIST_FILE = YES;
				IPHONEOS_DEPLOYMENT_TARGET = 15.2;
				MARKETING_VERSION = 1.0;
				PRODUCT_BUNDLE_IDENTIFIER = "com.paypal.ios-sdk.DemoUITests";
				PRODUCT_NAME = "$(TARGET_NAME)";
				SWIFT_EMIT_LOC_STRINGS = NO;
				SWIFT_VERSION = 5.0;
				TARGETED_DEVICE_FAMILY = "1,2";
				TEST_TARGET_NAME = Demo;
			};
			name = Release;
		};
/* End XCBuildConfiguration section */

/* Begin XCConfigurationList section */
		806F1E3026B85367007A60E6 /* Build configuration list for PBXProject "Demo" */ = {
			isa = XCConfigurationList;
			buildConfigurations = (
				806F1E4726B85369007A60E6 /* Debug */,
				806F1E4826B85369007A60E6 /* Release */,
			);
			defaultConfigurationIsVisible = 0;
			defaultConfigurationName = Release;
		};
		806F1E4926B85369007A60E6 /* Build configuration list for PBXNativeTarget "Demo" */ = {
			isa = XCConfigurationList;
			buildConfigurations = (
				806F1E4A26B85369007A60E6 /* Debug */,
				806F1E4B26B85369007A60E6 /* Release */,
			);
			defaultConfigurationIsVisible = 0;
			defaultConfigurationName = Release;
		};
		BC9D4D1F27C54F3F0089E5B1 /* Build configuration list for PBXNativeTarget "DemoUITests" */ = {
			isa = XCConfigurationList;
			buildConfigurations = (
				BC9D4D1D27C54F3F0089E5B1 /* Debug */,
				BC9D4D1E27C54F3F0089E5B1 /* Release */,
			);
			defaultConfigurationIsVisible = 0;
			defaultConfigurationName = Release;
		};
/* End XCConfigurationList section */
	};
	rootObject = 806F1E2D26B85367007A60E6 /* Project object */;
}
