{
  "pins" : [
    {
      "identity" : "paypal-ios",
      "kind" : "remoteSourceControl",
      "location" : "https://github.com/paypal/paypal-ios",
      "state" : {
        "branch" : "main",
        "revision" : "80bf151ba2a5d74b08cef1c55a596e9e7ecfe497"
      }
    },
    {
      "identity" : "paypalcheckout-ios",
      "kind" : "remoteSourceControl",
      "location" : "https://github.com/paypal/paypalcheckout-ios",
      "state" : {
        "revision" : "773568fbbffd54f900d6d78be7793ae1871d3b35",
        "version" : "1.0.0"
      }
    }
  ],
  "version" : 2
}
