{
  "originHash" : "d3199893224a55c4a882a9183582d62ce3da102937d9917692cd024152731517",
  "pins" : [
    {
      "identity" : "paypal-ios",
      "kind" : "remoteSourceControl",
      "location" : "https://github.com/paypal/paypal-ios.git",
      "state" : {
        "branch" : "main",
        "revision" : "1eb22f17fe1244d0674c1b5d3552caa97214e9dc"
      }
    }
  ],
  "version" : 3
}
